// !$*UTF8*$!
{
	archiveVersion = 1;
	classes = {
	};
	objectVersion = 46;
	objects = {

/* Begin PBXBuildFile section */
		F01F46B91514579C0027785E /* UIImage+Color.m in Sources */ = {isa = PBXBuildFile; fileRef = F01F46B81514579C0027785E /* UIImage+Color.m */; };
		F0225748151DF47800E3C5A2 /* Default.png in Resources */ = {isa = PBXBuildFile; fileRef = F0225746151DF47800E3C5A2 /* Default.png */; };
		F0225749151DF47800E3C5A2 /* Default@2x.png in Resources */ = {isa = PBXBuildFile; fileRef = F0225747151DF47800E3C5A2 /* Default@2x.png */; };
		F04333A01506B7B100C676F0 /* 08-chat.png in Resources */ = {isa = PBXBuildFile; fileRef = F04333951506B7B100C676F0 /* 08-chat.png */; };
		F04333A11506B7B100C676F0 /* 08-chat@2x.png in Resources */ = {isa = PBXBuildFile; fileRef = F04333961506B7B100C676F0 /* 08-chat@2x.png */; };
		F04333AE1506BE0300C676F0 /* comments.png in Resources */ = {isa = PBXBuildFile; fileRef = F04333AB1506BE0200C676F0 /* comments.png */; };
		F04333AF1506BE0300C676F0 /* book.png in Resources */ = {isa = PBXBuildFile; fileRef = F04333AC1506BE0200C676F0 /* book.png */; };
		F04333B01506BE0300C676F0 /* up_arrow.png in Resources */ = {isa = PBXBuildFile; fileRef = F04333AD1506BE0200C676F0 /* up_arrow.png */; };
		F04333B31506BE6300C676F0 /* 58-bookmark.png in Resources */ = {isa = PBXBuildFile; fileRef = F04333B11506BE6300C676F0 /* 58-bookmark.png */; };
		F04333B41506BE6300C676F0 /* 58-bookmark@2x.png in Resources */ = {isa = PBXBuildFile; fileRef = F04333B21506BE6300C676F0 /* 58-bookmark@2x.png */; };
		F044F781150288FE0037B7A9 /* HKUser.m in Sources */ = {isa = PBXBuildFile; fileRef = F044F780150288FE0037B7A9 /* HKUser.m */; };
		F044F78415028A9A0037B7A9 /* HKPost.m in Sources */ = {isa = PBXBuildFile; fileRef = F044F78315028A9A0037B7A9 /* HKPost.m */; };
		F044F78715028D820037B7A9 /* HKComment.m in Sources */ = {isa = PBXBuildFile; fileRef = F044F78615028D820037B7A9 /* HKComment.m */; };
		F044F78A15028DA00037B7A9 /* HKNotification.m in Sources */ = {isa = PBXBuildFile; fileRef = F044F78915028DA00037B7A9 /* HKNotification.m */; };
		F044F79015028DFD0037B7A9 /* HKSession.m in Sources */ = {isa = PBXBuildFile; fileRef = F044F78F15028DFD0037B7A9 /* HKSession.m */; };
		F044F79115028DFD0037B7A9 /* HKSession.m in Sources */ = {isa = PBXBuildFile; fileRef = F044F78F15028DFD0037B7A9 /* HKSession.m */; };
		F044F79415028E190037B7A9 /* HKMessage.m in Sources */ = {isa = PBXBuildFile; fileRef = F044F79315028E190037B7A9 /* HKMessage.m */; };
		F044F79515028E190037B7A9 /* HKMessage.m in Sources */ = {isa = PBXBuildFile; fileRef = F044F79315028E190037B7A9 /* HKMessage.m */; };
		F044F79815028E370037B7A9 /* HKNotifications.m in Sources */ = {isa = PBXBuildFile; fileRef = F044F79715028E370037B7A9 /* HKNotifications.m */; };
		F044F79915028E370037B7A9 /* HKNotifications.m in Sources */ = {isa = PBXBuildFile; fileRef = F044F79715028E370037B7A9 /* HKNotifications.m */; };
		F044F7A0150351470037B7A9 /* HKEntry.m in Sources */ = {isa = PBXBuildFile; fileRef = F044F79F150351460037B7A9 /* HKEntry.m */; };
		F044F7A1150351470037B7A9 /* HKEntry.m in Sources */ = {isa = PBXBuildFile; fileRef = F044F79F150351460037B7A9 /* HKEntry.m */; };
		F044F7A6150366660037B7A9 /* CommentTableCell.m in Sources */ = {isa = PBXBuildFile; fileRef = F044F7A3150366650037B7A9 /* CommentTableCell.m */; };
		F044F7AC15036B6E0037B7A9 /* ABTableViewCell.m in Sources */ = {isa = PBXBuildFile; fileRef = F044F7AB15036B6E0037B7A9 /* ABTableViewCell.m */; };
		F044F7C815038F830037B7A9 /* CommentsController.m in Sources */ = {isa = PBXBuildFile; fileRef = F044F7C715038F830037B7A9 /* CommentsController.m */; };
		F044F7CB150391EF0037B7A9 /* HKCommentList.m in Sources */ = {isa = PBXBuildFile; fileRef = F044F7CA150391EF0037B7A9 /* HKCommentList.m */; };
		F044F7CC150391EF0037B7A9 /* HKCommentList.m in Sources */ = {isa = PBXBuildFile; fileRef = F044F7CA150391EF0037B7A9 /* HKCommentList.m */; };
		F044F7D31503C9EF0037B7A9 /* NSDate+TimeAgo.m in Sources */ = {isa = PBXBuildFile; fileRef = F044F7D21503C9EF0037B7A9 /* NSDate+TimeAgo.m */; };
		F044F7D41503C9EF0037B7A9 /* NSDate+TimeAgo.m in Sources */ = {isa = PBXBuildFile; fileRef = F044F7D21503C9EF0037B7A9 /* NSDate+TimeAgo.m */; };
		F044F7D91503E6730037B7A9 /* HKList.m in Sources */ = {isa = PBXBuildFile; fileRef = F044F7D81503E6720037B7A9 /* HKList.m */; };
		F044F7DA1503E6730037B7A9 /* HKList.m in Sources */ = {isa = PBXBuildFile; fileRef = F044F7D81503E6720037B7A9 /* HKList.m */; };
		F04FA6E1151D16AE00ED35D0 /* MoreController.m in Sources */ = {isa = PBXBuildFile; fileRef = F04FA6E0151D16AE00ED35D0 /* MoreController.m */; };
		F04FA6E3151D2C3100ED35D0 /* MessageUI.framework in Frameworks */ = {isa = PBXBuildFile; fileRef = F04FA6E2151D2C3000ED35D0 /* MessageUI.framework */; };
		F04FA6E8151D2F0800ED35D0 /* SystemConfiguration.framework in Frameworks */ = {isa = PBXBuildFile; fileRef = F0E8B6E91500959500488EFF /* SystemConfiguration.framework */; };
		F04FA6E9151D2F1100ED35D0 /* CFNetwork.framework in Frameworks */ = {isa = PBXBuildFile; fileRef = F044F77D150285270037B7A9 /* CFNetwork.framework */; };
		F04FA6FA151D8E7200ED35D0 /* SVProgressHUD.bundle in Resources */ = {isa = PBXBuildFile; fileRef = F04FA6F7151D8E7200ED35D0 /* SVProgressHUD.bundle */; };
		F04FA6FB151D8E7200ED35D0 /* SVProgressHUD.m in Sources */ = {isa = PBXBuildFile; fileRef = F04FA6F9151D8E7200ED35D0 /* SVProgressHUD.m */; settings = {COMPILER_FLAGS = "-fno-objc-arc"; }; };
		F078C1DA150F104E00F713F3 /* NSDate+RailsDate.m in Sources */ = {isa = PBXBuildFile; fileRef = F078C1D9150F104E00F713F3 /* NSDate+RailsDate.m */; };
		F07F9D1C151DAA7500F136B2 /* SVModalWebViewController.m in Sources */ = {isa = PBXBuildFile; fileRef = F07F9D18151DAA7500F136B2 /* SVModalWebViewController.m */; };
		F07F9D1D151DAA7500F136B2 /* SVWebViewController.bundle in Resources */ = {isa = PBXBuildFile; fileRef = F07F9D19151DAA7500F136B2 /* SVWebViewController.bundle */; };
		F07F9D1E151DAA7500F136B2 /* SVWebViewController.m in Sources */ = {isa = PBXBuildFile; fileRef = F07F9D1B151DAA7500F136B2 /* SVWebViewController.m */; };
		F07F9D26151DBC9C00F136B2 /* Appirater.m in Sources */ = {isa = PBXBuildFile; fileRef = F07F9D25151DBC9C00F136B2 /* Appirater.m */; };
		F07F9D2F151DBF9F00F136B2 /* Appirater.m in Sources */ = {isa = PBXBuildFile; fileRef = F07F9D25151DBC9C00F136B2 /* Appirater.m */; settings = {COMPILER_FLAGS = "-fno-objc-arc"; }; };
		F07F9D36151DC19900F136B2 /* Icon.png in Resources */ = {isa = PBXBuildFile; fileRef = F07F9D34151DC19900F136B2 /* Icon.png */; };
		F07F9D37151DC19900F136B2 /* Icon@2x.png in Resources */ = {isa = PBXBuildFile; fileRef = F07F9D35151DC19900F136B2 /* Icon@2x.png */; };
		F0B9EBCA150CBB0D006CC3E7 /* HackfulLoginController.m in Sources */ = {isa = PBXBuildFile; fileRef = F0B9EBC9150CBB0D006CC3E7 /* HackfulLoginController.m */; };
		F0B9EBCD150CBC48006CC3E7 /* LoginController.m in Sources */ = {isa = PBXBuildFile; fileRef = F0B9EBCC150CBC48006CC3E7 /* LoginController.m */; };
		F0B9EBE7150D3D7B006CC3E7 /* AFHTTPClient.m in Sources */ = {isa = PBXBuildFile; fileRef = F0B9EBD3150D3D7B006CC3E7 /* AFHTTPClient.m */; settings = {COMPILER_FLAGS = "-fno-objc-arc"; }; };
		F0B9EBE8150D3D7B006CC3E7 /* AFHTTPRequestOperation.m in Sources */ = {isa = PBXBuildFile; fileRef = F0B9EBD5150D3D7B006CC3E7 /* AFHTTPRequestOperation.m */; settings = {COMPILER_FLAGS = "-fno-objc-arc"; }; };
		F0B9EBE9150D3D7B006CC3E7 /* AFImageRequestOperation.m in Sources */ = {isa = PBXBuildFile; fileRef = F0B9EBD7150D3D7B006CC3E7 /* AFImageRequestOperation.m */; settings = {COMPILER_FLAGS = "-fno-objc-arc"; }; };
		F0B9EBEA150D3D7B006CC3E7 /* AFJSONRequestOperation.m in Sources */ = {isa = PBXBuildFile; fileRef = F0B9EBD9150D3D7B006CC3E7 /* AFJSONRequestOperation.m */; settings = {COMPILER_FLAGS = "-fno-objc-arc"; }; };
		F0B9EBEB150D3D7B006CC3E7 /* AFJSONUtilities.m in Sources */ = {isa = PBXBuildFile; fileRef = F0B9EBDB150D3D7B006CC3E7 /* AFJSONUtilities.m */; settings = {COMPILER_FLAGS = "-fno-objc-arc"; }; };
		F0B9EBEC150D3D7B006CC3E7 /* AFNetworkActivityIndicatorManager.m in Sources */ = {isa = PBXBuildFile; fileRef = F0B9EBDD150D3D7B006CC3E7 /* AFNetworkActivityIndicatorManager.m */; settings = {COMPILER_FLAGS = "-fno-objc-arc"; }; };
		F0B9EBED150D3D7B006CC3E7 /* AFPropertyListRequestOperation.m in Sources */ = {isa = PBXBuildFile; fileRef = F0B9EBE0150D3D7B006CC3E7 /* AFPropertyListRequestOperation.m */; settings = {COMPILER_FLAGS = "-fno-objc-arc"; }; };
		F0B9EBEE150D3D7B006CC3E7 /* AFURLConnectionOperation.m in Sources */ = {isa = PBXBuildFile; fileRef = F0B9EBE2150D3D7B006CC3E7 /* AFURLConnectionOperation.m */; settings = {COMPILER_FLAGS = "-fno-objc-arc"; }; };
		F0B9EBEF150D3D7B006CC3E7 /* AFXMLRequestOperation.m in Sources */ = {isa = PBXBuildFile; fileRef = F0B9EBE4150D3D7B006CC3E7 /* AFXMLRequestOperation.m */; settings = {COMPILER_FLAGS = "-fno-objc-arc"; }; };
		F0B9EBF0150D3D7B006CC3E7 /* UIImageView+AFNetworking.m in Sources */ = {isa = PBXBuildFile; fileRef = F0B9EBE6150D3D7B006CC3E7 /* UIImageView+AFNetworking.m */; settings = {COMPILER_FLAGS = "-fno-objc-arc"; }; };
		F0B9EBF3150DC160006CC3E7 /* ComposeController.m in Sources */ = {isa = PBXBuildFile; fileRef = F0B9EBF2150DC160006CC3E7 /* ComposeController.m */; };
		F0B9EBF6150DC264006CC3E7 /* PlaceholderTextView.m in Sources */ = {isa = PBXBuildFile; fileRef = F0B9EBF5150DC264006CC3E7 /* PlaceholderTextView.m */; };
		F0B9EBF9150DC473006CC3E7 /* SubmissionComposeController.m in Sources */ = {isa = PBXBuildFile; fileRef = F0B9EBF8150DC472006CC3E7 /* SubmissionComposeController.m */; };
		F0BC9B9B15166EA300E1348A /* CommentComposeController.m in Sources */ = {isa = PBXBuildFile; fileRef = F0BC9B9A15166EA300E1348A /* CommentComposeController.m */; };
		F0C5BB27151286DD00F14F5E /* comment-arrow.png in Resources */ = {isa = PBXBuildFile; fileRef = F0C5BB26151286DD00F14F5E /* comment-arrow.png */; };
		F0CC6C3F151061F3000FDE89 /* TableHeaderView.m in Sources */ = {isa = PBXBuildFile; fileRef = F0CC6C3E151061F2000FDE89 /* TableHeaderView.m */; };
		F0D4AB3A1517C256003B9774 /* HKAPI.m in Sources */ = {isa = PBXBuildFile; fileRef = F0D4AB391517C256003B9774 /* HKAPI.m */; };
		F0E2007F150419C600F847A2 /* SideSwipeTableViewCell.m in Sources */ = {isa = PBXBuildFile; fileRef = F0E2007B150419C600F847A2 /* SideSwipeTableViewCell.m */; };
		F0E20080150419C600F847A2 /* SideSwipeTableViewController.m in Sources */ = {isa = PBXBuildFile; fileRef = F0E2007D150419C600F847A2 /* SideSwipeTableViewController.m */; };
		F0E2009415041A7D00F847A2 /* action.png in Resources */ = {isa = PBXBuildFile; fileRef = F0E2008515041A7D00F847A2 /* action.png */; };
		F0E2009515041A7D00F847A2 /* action@2x.png in Resources */ = {isa = PBXBuildFile; fileRef = F0E2008615041A7D00F847A2 /* action@2x.png */; };
		F0E2009615041A7D00F847A2 /* dotted-pattern.png in Resources */ = {isa = PBXBuildFile; fileRef = F0E2008715041A7D00F847A2 /* dotted-pattern.png */; };
		F0E2009715041A7D00F847A2 /* dotted-pattern@2x.png in Resources */ = {isa = PBXBuildFile; fileRef = F0E2008815041A7D00F847A2 /* dotted-pattern@2x.png */; };
		F0E2009815041A7D00F847A2 /* inner-shadow.png in Resources */ = {isa = PBXBuildFile; fileRef = F0E2008915041A7D00F847A2 /* inner-shadow.png */; };
		F0E2009F15041A7D00F847A2 /* retweet-outline-button-item.png in Resources */ = {isa = PBXBuildFile; fileRef = F0E2009015041A7D00F847A2 /* retweet-outline-button-item.png */; };
		F0E200A015041A7D00F847A2 /* retweet-outline-button-item@2x.png in Resources */ = {isa = PBXBuildFile; fileRef = F0E2009115041A7D00F847A2 /* retweet-outline-button-item@2x.png */; };
		F0E33E391514D6D600EE551C /* NavigationController.m in Sources */ = {isa = PBXBuildFile; fileRef = F0E33E371514D6D600EE551C /* NavigationController.m */; };
		F0E33E3C1514D6F600EE551C /* PullToRefreshView.m in Sources */ = {isa = PBXBuildFile; fileRef = F0E33E3B1514D6F600EE551C /* PullToRefreshView.m */; };
		F0E33E411514D71B00EE551C /* LoadingIndicatorView.m in Sources */ = {isa = PBXBuildFile; fileRef = F0E33E3E1514D71B00EE551C /* LoadingIndicatorView.m */; };
		F0E5DC4E14E6FA2800F60D43 /* UIKit.framework in Frameworks */ = {isa = PBXBuildFile; fileRef = F0E5DC4D14E6FA2800F60D43 /* UIKit.framework */; };
		F0E5DC5014E6FA2800F60D43 /* Foundation.framework in Frameworks */ = {isa = PBXBuildFile; fileRef = F0E5DC4F14E6FA2800F60D43 /* Foundation.framework */; };
		F0E5DC5214E6FA2800F60D43 /* CoreGraphics.framework in Frameworks */ = {isa = PBXBuildFile; fileRef = F0E5DC5114E6FA2800F60D43 /* CoreGraphics.framework */; };
		F0E5DC5A14E6FA2800F60D43 /* InfoPlist.strings in Resources */ = {isa = PBXBuildFile; fileRef = F0E5DC5814E6FA2800F60D43 /* InfoPlist.strings */; };
		F0E5DC5C14E6FA2800F60D43 /* main.m in Sources */ = {isa = PBXBuildFile; fileRef = F0E5DC5B14E6FA2800F60D43 /* main.m */; };
		F0E5DC6014E6FA2800F60D43 /* HackfulAppDelegate.m in Sources */ = {isa = PBXBuildFile; fileRef = F0E5DC5F14E6FA2800F60D43 /* HackfulAppDelegate.m */; };
		F0E5DC6B14E6FA2800F60D43 /* SenTestingKit.framework in Frameworks */ = {isa = PBXBuildFile; fileRef = F0E5DC6A14E6FA2800F60D43 /* SenTestingKit.framework */; };
		F0E5DC6C14E6FA2800F60D43 /* UIKit.framework in Frameworks */ = {isa = PBXBuildFile; fileRef = F0E5DC4D14E6FA2800F60D43 /* UIKit.framework */; };
		F0E5DC6D14E6FA2800F60D43 /* Foundation.framework in Frameworks */ = {isa = PBXBuildFile; fileRef = F0E5DC4F14E6FA2800F60D43 /* Foundation.framework */; };
		F0E5DC6E14E6FA2800F60D43 /* CoreData.framework in Frameworks */ = {isa = PBXBuildFile; fileRef = F0E5DC5314E6FA2800F60D43 /* CoreData.framework */; };
		F0E5DC7614E6FA2800F60D43 /* InfoPlist.strings in Resources */ = {isa = PBXBuildFile; fileRef = F0E5DC7414E6FA2800F60D43 /* InfoPlist.strings */; };
		F0E5DC7914E6FA2800F60D43 /* hackfulTests.m in Sources */ = {isa = PBXBuildFile; fileRef = F0E5DC7814E6FA2800F60D43 /* hackfulTests.m */; };
		F0E5DCE314E6FFED00F60D43 /* MainTabBarController.m in Sources */ = {isa = PBXBuildFile; fileRef = F0E5DCE214E6FFED00F60D43 /* MainTabBarController.m */; };
		F0E5DD0B14E7010200F60D43 /* arrow.png in Resources */ = {isa = PBXBuildFile; fileRef = F0E5DCE614E7010200F60D43 /* arrow.png */; };
		F0E5DD0C14E7010200F60D43 /* arrow@2x.png in Resources */ = {isa = PBXBuildFile; fileRef = F0E5DCE714E7010200F60D43 /* arrow@2x.png */; };
		F0E5DD0D14E7010200F60D43 /* back.png in Resources */ = {isa = PBXBuildFile; fileRef = F0E5DCE814E7010200F60D43 /* back.png */; };
		F0E5DD0E14E7010200F60D43 /* back@2x.png in Resources */ = {isa = PBXBuildFile; fileRef = F0E5DCE914E7010200F60D43 /* back@2x.png */; };
		F0E5DD0F14E7010200F60D43 /* check.png in Resources */ = {isa = PBXBuildFile; fileRef = F0E5DCEA14E7010200F60D43 /* check.png */; };
		F0E5DD1014E7010200F60D43 /* check@2x.png in Resources */ = {isa = PBXBuildFile; fileRef = F0E5DCEB14E7010200F60D43 /* check@2x.png */; };
		F0E5DD1114E7010200F60D43 /* disclosure.png in Resources */ = {isa = PBXBuildFile; fileRef = F0E5DCEC14E7010200F60D43 /* disclosure.png */; };
		F0E5DD1214E7010200F60D43 /* disclosure@2x.png in Resources */ = {isa = PBXBuildFile; fileRef = F0E5DCED14E7010200F60D43 /* disclosure@2x.png */; };
		F0E5DD1514E7010200F60D43 /* empty.png in Resources */ = {isa = PBXBuildFile; fileRef = F0E5DCF014E7010200F60D43 /* empty.png */; };
		F0E5DD1814E7010200F60D43 /* forward.png in Resources */ = {isa = PBXBuildFile; fileRef = F0E5DCF314E7010200F60D43 /* forward.png */; };
		F0E5DD1914E7010200F60D43 /* forward@2x.png in Resources */ = {isa = PBXBuildFile; fileRef = F0E5DCF414E7010200F60D43 /* forward@2x.png */; };
		F0E5DD1A14E7010200F60D43 /* home.png in Resources */ = {isa = PBXBuildFile; fileRef = F0E5DCF514E7010200F60D43 /* home.png */; };
		F0E5DD1B14E7010200F60D43 /* home@2x.png in Resources */ = {isa = PBXBuildFile; fileRef = F0E5DCF614E7010200F60D43 /* home@2x.png */; };
		F0E5DD1C14E7010200F60D43 /* new.png in Resources */ = {isa = PBXBuildFile; fileRef = F0E5DCF714E7010200F60D43 /* new.png */; };
		F0E5DD1D14E7010200F60D43 /* new@2x.png in Resources */ = {isa = PBXBuildFile; fileRef = F0E5DCF814E7010200F60D43 /* new@2x.png */; };
		F0E5DD1E14E7010200F60D43 /* person.png in Resources */ = {isa = PBXBuildFile; fileRef = F0E5DCF914E7010200F60D43 /* person.png */; };
		F0E5DD1F14E7010200F60D43 /* person@2x.png in Resources */ = {isa = PBXBuildFile; fileRef = F0E5DCFA14E7010200F60D43 /* person@2x.png */; };
		F0E5DD2014E7010200F60D43 /* profile.png in Resources */ = {isa = PBXBuildFile; fileRef = F0E5DCFB14E7010200F60D43 /* profile.png */; };
		F0E5DD2114E7010200F60D43 /* profile@2x.png in Resources */ = {isa = PBXBuildFile; fileRef = F0E5DCFC14E7010200F60D43 /* profile@2x.png */; };
		F0E5DD2414E7010200F60D43 /* refresh.png in Resources */ = {isa = PBXBuildFile; fileRef = F0E5DCFF14E7010200F60D43 /* refresh.png */; };
		F0E5DD2514E7010200F60D43 /* refresh@2x.png in Resources */ = {isa = PBXBuildFile; fileRef = F0E5DD0014E7010200F60D43 /* refresh@2x.png */; };
		F0E5DD2614E7010200F60D43 /* reply.png in Resources */ = {isa = PBXBuildFile; fileRef = F0E5DD0114E7010200F60D43 /* reply.png */; };
		F0E5DD2714E7010200F60D43 /* reply@2x.png in Resources */ = {isa = PBXBuildFile; fileRef = F0E5DD0214E7010200F60D43 /* reply@2x.png */; };
		F0E5DD2E14E7010200F60D43 /* x.png in Resources */ = {isa = PBXBuildFile; fileRef = F0E5DD0914E7010200F60D43 /* x.png */; };
		F0E5DD2F14E7010200F60D43 /* x@2x.png in Resources */ = {isa = PBXBuildFile; fileRef = F0E5DD0A14E7010200F60D43 /* x@2x.png */; };
		F0E5DD3514E7033600F60D43 /* PostController.m in Sources */ = {isa = PBXBuildFile; fileRef = F0E5DD3414E7033600F60D43 /* PostController.m */; };
		F0E5DD4714E7118600F60D43 /* QuartzCore.framework in Frameworks */ = {isa = PBXBuildFile; fileRef = F0E5DD4614E7118600F60D43 /* QuartzCore.framework */; };
		F0E8B6EF150099E100488EFF /* HKPostList.m in Sources */ = {isa = PBXBuildFile; fileRef = F0E8B6EE150099E100488EFF /* HKPostList.m */; };
		F0F0A13815184952006EC3D7 /* Twitter.framework in Frameworks */ = {isa = PBXBuildFile; fileRef = F0F0A13715184952006EC3D7 /* Twitter.framework */; };
/* End PBXBuildFile section */

/* Begin PBXContainerItemProxy section */
		F0E5DC6F14E6FA2800F60D43 /* PBXContainerItemProxy */ = {
			isa = PBXContainerItemProxy;
			containerPortal = F0E5DC4014E6FA2800F60D43 /* Project object */;
			proxyType = 1;
			remoteGlobalIDString = F0E5DC4814E6FA2800F60D43;
			remoteInfo = hackful;
		};
/* End PBXContainerItemProxy section */

/* Begin PBXFileReference section */
		F01F46B71514579C0027785E /* UIImage+Color.h */ = {isa = PBXFileReference; fileEncoding = 4; lastKnownFileType = sourcecode.c.h; name = "UIImage+Color.h"; path = "Categories/UIImage+Color.h"; sourceTree = "<group>"; };
		F01F46B81514579C0027785E /* UIImage+Color.m */ = {isa = PBXFileReference; fileEncoding = 4; lastKnownFileType = sourcecode.c.objc; name = "UIImage+Color.m"; path = "Categories/UIImage+Color.m"; sourceTree = "<group>"; };
		F0225746151DF47800E3C5A2 /* Default.png */ = {isa = PBXFileReference; lastKnownFileType = image.png; path = Default.png; sourceTree = "<group>"; };
		F0225747151DF47800E3C5A2 /* Default@2x.png */ = {isa = PBXFileReference; lastKnownFileType = image.png; path = "Default@2x.png"; sourceTree = "<group>"; };
		F04333951506B7B100C676F0 /* 08-chat.png */ = {isa = PBXFileReference; lastKnownFileType = image.png; path = "08-chat.png"; sourceTree = "<group>"; };
		F04333961506B7B100C676F0 /* 08-chat@2x.png */ = {isa = PBXFileReference; lastKnownFileType = image.png; path = "08-chat@2x.png"; sourceTree = "<group>"; };
		F04333AB1506BE0200C676F0 /* comments.png */ = {isa = PBXFileReference; lastKnownFileType = image.png; path = comments.png; sourceTree = "<group>"; };
		F04333AC1506BE0200C676F0 /* book.png */ = {isa = PBXFileReference; lastKnownFileType = image.png; path = book.png; sourceTree = "<group>"; };
		F04333AD1506BE0200C676F0 /* up_arrow.png */ = {isa = PBXFileReference; lastKnownFileType = image.png; path = up_arrow.png; sourceTree = "<group>"; };
		F04333B11506BE6300C676F0 /* 58-bookmark.png */ = {isa = PBXFileReference; lastKnownFileType = image.png; path = "58-bookmark.png"; sourceTree = "<group>"; };
		F04333B21506BE6300C676F0 /* 58-bookmark@2x.png */ = {isa = PBXFileReference; lastKnownFileType = image.png; path = "58-bookmark@2x.png"; sourceTree = "<group>"; };
		F044F77D150285270037B7A9 /* CFNetwork.framework */ = {isa = PBXFileReference; lastKnownFileType = wrapper.framework; name = CFNetwork.framework; path = System/Library/Frameworks/CFNetwork.framework; sourceTree = SDKROOT; };
		F044F77F150288FE0037B7A9 /* HKUser.h */ = {isa = PBXFileReference; fileEncoding = 4; lastKnownFileType = sourcecode.c.h; name = HKUser.h; path = HackfulKit/HKUser.h; sourceTree = "<group>"; };
		F044F780150288FE0037B7A9 /* HKUser.m */ = {isa = PBXFileReference; fileEncoding = 4; lastKnownFileType = sourcecode.c.objc; name = HKUser.m; path = HackfulKit/HKUser.m; sourceTree = "<group>"; };
		F044F78215028A9A0037B7A9 /* HKPost.h */ = {isa = PBXFileReference; fileEncoding = 4; lastKnownFileType = sourcecode.c.h; name = HKPost.h; path = HackfulKit/HKPost.h; sourceTree = "<group>"; };
		F044F78315028A9A0037B7A9 /* HKPost.m */ = {isa = PBXFileReference; fileEncoding = 4; lastKnownFileType = sourcecode.c.objc; name = HKPost.m; path = HackfulKit/HKPost.m; sourceTree = "<group>"; };
		F044F78515028D820037B7A9 /* HKComment.h */ = {isa = PBXFileReference; fileEncoding = 4; lastKnownFileType = sourcecode.c.h; name = HKComment.h; path = HackfulKit/HKComment.h; sourceTree = "<group>"; };
		F044F78615028D820037B7A9 /* HKComment.m */ = {isa = PBXFileReference; fileEncoding = 4; lastKnownFileType = sourcecode.c.objc; name = HKComment.m; path = HackfulKit/HKComment.m; sourceTree = "<group>"; };
		F044F78815028DA00037B7A9 /* HKNotification.h */ = {isa = PBXFileReference; fileEncoding = 4; lastKnownFileType = sourcecode.c.h; name = HKNotification.h; path = HackfulKit/HKNotification.h; sourceTree = "<group>"; };
		F044F78915028DA00037B7A9 /* HKNotification.m */ = {isa = PBXFileReference; fileEncoding = 4; lastKnownFileType = sourcecode.c.objc; name = HKNotification.m; path = HackfulKit/HKNotification.m; sourceTree = "<group>"; };
		F044F78E15028DFD0037B7A9 /* HKSession.h */ = {isa = PBXFileReference; fileEncoding = 4; lastKnownFileType = sourcecode.c.h; name = HKSession.h; path = HackfulKit/HKSession.h; sourceTree = "<group>"; };
		F044F78F15028DFD0037B7A9 /* HKSession.m */ = {isa = PBXFileReference; fileEncoding = 4; lastKnownFileType = sourcecode.c.objc; name = HKSession.m; path = HackfulKit/HKSession.m; sourceTree = "<group>"; };
		F044F79215028E190037B7A9 /* HKMessage.h */ = {isa = PBXFileReference; fileEncoding = 4; lastKnownFileType = sourcecode.c.h; name = HKMessage.h; path = HackfulKit/HKMessage.h; sourceTree = "<group>"; };
		F044F79315028E190037B7A9 /* HKMessage.m */ = {isa = PBXFileReference; fileEncoding = 4; lastKnownFileType = sourcecode.c.objc; name = HKMessage.m; path = HackfulKit/HKMessage.m; sourceTree = "<group>"; };
		F044F79615028E370037B7A9 /* HKNotifications.h */ = {isa = PBXFileReference; fileEncoding = 4; lastKnownFileType = sourcecode.c.h; name = HKNotifications.h; path = HackfulKit/HKNotifications.h; sourceTree = "<group>"; };
		F044F79715028E370037B7A9 /* HKNotifications.m */ = {isa = PBXFileReference; fileEncoding = 4; lastKnownFileType = sourcecode.c.objc; name = HKNotifications.m; path = HackfulKit/HKNotifications.m; sourceTree = "<group>"; };
		F044F79E150351460037B7A9 /* HKEntry.h */ = {isa = PBXFileReference; fileEncoding = 4; lastKnownFileType = sourcecode.c.h; name = HKEntry.h; path = HackfulKit/HKEntry.h; sourceTree = "<group>"; };
		F044F79F150351460037B7A9 /* HKEntry.m */ = {isa = PBXFileReference; fileEncoding = 4; lastKnownFileType = sourcecode.c.objc; name = HKEntry.m; path = HackfulKit/HKEntry.m; sourceTree = "<group>"; };
		F044F7A2150366650037B7A9 /* CommentTableCell.h */ = {isa = PBXFileReference; fileEncoding = 4; lastKnownFileType = sourcecode.c.h; name = CommentTableCell.h; path = Views/CommentTableCell.h; sourceTree = "<group>"; };
		F044F7A3150366650037B7A9 /* CommentTableCell.m */ = {isa = PBXFileReference; fileEncoding = 4; lastKnownFileType = sourcecode.c.objc; name = CommentTableCell.m; path = Views/CommentTableCell.m; sourceTree = "<group>"; };
		F044F7AA15036B6E0037B7A9 /* ABTableViewCell.h */ = {isa = PBXFileReference; fileEncoding = 4; lastKnownFileType = sourcecode.c.h; name = ABTableViewCell.h; path = Views/ABTableViewCell.h; sourceTree = "<group>"; };
		F044F7AB15036B6E0037B7A9 /* ABTableViewCell.m */ = {isa = PBXFileReference; fileEncoding = 4; lastKnownFileType = sourcecode.c.objc; name = ABTableViewCell.m; path = Views/ABTableViewCell.m; sourceTree = "<group>"; };
		F044F7C615038F830037B7A9 /* CommentsController.h */ = {isa = PBXFileReference; fileEncoding = 4; lastKnownFileType = sourcecode.c.h; name = CommentsController.h; path = Controllers/CommentsController.h; sourceTree = "<group>"; };
		F044F7C715038F830037B7A9 /* CommentsController.m */ = {isa = PBXFileReference; fileEncoding = 4; lastKnownFileType = sourcecode.c.objc; name = CommentsController.m; path = Controllers/CommentsController.m; sourceTree = "<group>"; };
		F044F7C9150391EF0037B7A9 /* HKCommentList.h */ = {isa = PBXFileReference; fileEncoding = 4; lastKnownFileType = sourcecode.c.h; name = HKCommentList.h; path = HackfulKit/HKCommentList.h; sourceTree = "<group>"; };
		F044F7CA150391EF0037B7A9 /* HKCommentList.m */ = {isa = PBXFileReference; fileEncoding = 4; lastKnownFileType = sourcecode.c.objc; name = HKCommentList.m; path = HackfulKit/HKCommentList.m; sourceTree = "<group>"; };
		F044F7D11503C9EE0037B7A9 /* NSDate+TimeAgo.h */ = {isa = PBXFileReference; fileEncoding = 4; lastKnownFileType = sourcecode.c.h; name = "NSDate+TimeAgo.h"; path = "Categories/NSDate+TimeAgo.h"; sourceTree = "<group>"; };
		F044F7D21503C9EF0037B7A9 /* NSDate+TimeAgo.m */ = {isa = PBXFileReference; fileEncoding = 4; lastKnownFileType = sourcecode.c.objc; name = "NSDate+TimeAgo.m"; path = "Categories/NSDate+TimeAgo.m"; sourceTree = "<group>"; };
		F044F7D51503E2CF0037B7A9 /* HKListDelegate.h */ = {isa = PBXFileReference; fileEncoding = 4; lastKnownFileType = sourcecode.c.h; name = HKListDelegate.h; path = HackfulKit/HKListDelegate.h; sourceTree = "<group>"; };
		F044F7D71503E6700037B7A9 /* HKList.h */ = {isa = PBXFileReference; fileEncoding = 4; lastKnownFileType = sourcecode.c.h; name = HKList.h; path = HackfulKit/HKList.h; sourceTree = "<group>"; };
		F044F7D81503E6720037B7A9 /* HKList.m */ = {isa = PBXFileReference; fileEncoding = 4; lastKnownFileType = sourcecode.c.objc; name = HKList.m; path = HackfulKit/HKList.m; sourceTree = "<group>"; };
		F04FA6DF151D16AE00ED35D0 /* MoreController.h */ = {isa = PBXFileReference; fileEncoding = 4; lastKnownFileType = sourcecode.c.h; name = MoreController.h; path = Controllers/MoreController.h; sourceTree = "<group>"; };
		F04FA6E0151D16AE00ED35D0 /* MoreController.m */ = {isa = PBXFileReference; fileEncoding = 4; lastKnownFileType = sourcecode.c.objc; name = MoreController.m; path = Controllers/MoreController.m; sourceTree = "<group>"; };
		F04FA6E2151D2C3000ED35D0 /* MessageUI.framework */ = {isa = PBXFileReference; lastKnownFileType = wrapper.framework; name = MessageUI.framework; path = System/Library/Frameworks/MessageUI.framework; sourceTree = SDKROOT; };
		F04FA6F7151D8E7200ED35D0 /* SVProgressHUD.bundle */ = {isa = PBXFileReference; lastKnownFileType = "wrapper.plug-in"; path = SVProgressHUD.bundle; sourceTree = "<group>"; };
		F04FA6F8151D8E7200ED35D0 /* SVProgressHUD.h */ = {isa = PBXFileReference; fileEncoding = 4; lastKnownFileType = sourcecode.c.h; path = SVProgressHUD.h; sourceTree = "<group>"; };
		F04FA6F9151D8E7200ED35D0 /* SVProgressHUD.m */ = {isa = PBXFileReference; fileEncoding = 4; lastKnownFileType = sourcecode.c.objc; path = SVProgressHUD.m; sourceTree = "<group>"; };
		F078C1D8150F104E00F713F3 /* NSDate+RailsDate.h */ = {isa = PBXFileReference; fileEncoding = 4; lastKnownFileType = sourcecode.c.h; name = "NSDate+RailsDate.h"; path = "Categories/NSDate+RailsDate.h"; sourceTree = "<group>"; };
		F078C1D9150F104E00F713F3 /* NSDate+RailsDate.m */ = {isa = PBXFileReference; fileEncoding = 4; lastKnownFileType = sourcecode.c.objc; name = "NSDate+RailsDate.m"; path = "Categories/NSDate+RailsDate.m"; sourceTree = "<group>"; };
		F07F9D17151DAA7500F136B2 /* SVModalWebViewController.h */ = {isa = PBXFileReference; fileEncoding = 4; lastKnownFileType = sourcecode.c.h; path = SVModalWebViewController.h; sourceTree = "<group>"; };
		F07F9D18151DAA7500F136B2 /* SVModalWebViewController.m */ = {isa = PBXFileReference; fileEncoding = 4; lastKnownFileType = sourcecode.c.objc; path = SVModalWebViewController.m; sourceTree = "<group>"; };
		F07F9D19151DAA7500F136B2 /* SVWebViewController.bundle */ = {isa = PBXFileReference; lastKnownFileType = "wrapper.plug-in"; path = SVWebViewController.bundle; sourceTree = "<group>"; };
		F07F9D1A151DAA7500F136B2 /* SVWebViewController.h */ = {isa = PBXFileReference; fileEncoding = 4; lastKnownFileType = sourcecode.c.h; path = SVWebViewController.h; sourceTree = "<group>"; };
		F07F9D1B151DAA7500F136B2 /* SVWebViewController.m */ = {isa = PBXFileReference; fileEncoding = 4; lastKnownFileType = sourcecode.c.objc; path = SVWebViewController.m; sourceTree = "<group>"; };
		F07F9D24151DBC9C00F136B2 /* Appirater.h */ = {isa = PBXFileReference; fileEncoding = 4; lastKnownFileType = sourcecode.c.h; name = Appirater.h; path = Appirater/Appirater.h; sourceTree = "<group>"; };
		F07F9D25151DBC9C00F136B2 /* Appirater.m */ = {isa = PBXFileReference; fileEncoding = 4; lastKnownFileType = sourcecode.c.objc; name = Appirater.m; path = Appirater/Appirater.m; sourceTree = "<group>"; };
		F07F9D34151DC19900F136B2 /* Icon.png */ = {isa = PBXFileReference; lastKnownFileType = image.png; name = Icon.png; path = hackful/Resources/Icon.png; sourceTree = "<group>"; };
		F07F9D35151DC19900F136B2 /* Icon@2x.png */ = {isa = PBXFileReference; lastKnownFileType = image.png; name = "Icon@2x.png"; path = "hackful/Resources/Icon@2x.png"; sourceTree = "<group>"; };
		F0B9EBC8150CBB0D006CC3E7 /* HackfulLoginController.h */ = {isa = PBXFileReference; fileEncoding = 4; lastKnownFileType = sourcecode.c.h; name = HackfulLoginController.h; path = Controllers/HackfulLoginController.h; sourceTree = "<group>"; };
		F0B9EBC9150CBB0D006CC3E7 /* HackfulLoginController.m */ = {isa = PBXFileReference; fileEncoding = 4; lastKnownFileType = sourcecode.c.objc; name = HackfulLoginController.m; path = Controllers/HackfulLoginController.m; sourceTree = "<group>"; };
		F0B9EBCB150CBC48006CC3E7 /* LoginController.h */ = {isa = PBXFileReference; fileEncoding = 4; lastKnownFileType = sourcecode.c.h; name = LoginController.h; path = Controllers/LoginController.h; sourceTree = "<group>"; };
		F0B9EBCC150CBC48006CC3E7 /* LoginController.m */ = {isa = PBXFileReference; fileEncoding = 4; lastKnownFileType = sourcecode.c.objc; name = LoginController.m; path = Controllers/LoginController.m; sourceTree = "<group>"; };
		F0B9EBD2150D3D7B006CC3E7 /* AFHTTPClient.h */ = {isa = PBXFileReference; fileEncoding = 4; lastKnownFileType = sourcecode.c.h; path = AFHTTPClient.h; sourceTree = "<group>"; };
		F0B9EBD3150D3D7B006CC3E7 /* AFHTTPClient.m */ = {isa = PBXFileReference; fileEncoding = 4; lastKnownFileType = sourcecode.c.objc; path = AFHTTPClient.m; sourceTree = "<group>"; };
		F0B9EBD4150D3D7B006CC3E7 /* AFHTTPRequestOperation.h */ = {isa = PBXFileReference; fileEncoding = 4; lastKnownFileType = sourcecode.c.h; path = AFHTTPRequestOperation.h; sourceTree = "<group>"; };
		F0B9EBD5150D3D7B006CC3E7 /* AFHTTPRequestOperation.m */ = {isa = PBXFileReference; fileEncoding = 4; lastKnownFileType = sourcecode.c.objc; path = AFHTTPRequestOperation.m; sourceTree = "<group>"; };
		F0B9EBD6150D3D7B006CC3E7 /* AFImageRequestOperation.h */ = {isa = PBXFileReference; fileEncoding = 4; lastKnownFileType = sourcecode.c.h; path = AFImageRequestOperation.h; sourceTree = "<group>"; };
		F0B9EBD7150D3D7B006CC3E7 /* AFImageRequestOperation.m */ = {isa = PBXFileReference; fileEncoding = 4; lastKnownFileType = sourcecode.c.objc; path = AFImageRequestOperation.m; sourceTree = "<group>"; };
		F0B9EBD8150D3D7B006CC3E7 /* AFJSONRequestOperation.h */ = {isa = PBXFileReference; fileEncoding = 4; lastKnownFileType = sourcecode.c.h; path = AFJSONRequestOperation.h; sourceTree = "<group>"; };
		F0B9EBD9150D3D7B006CC3E7 /* AFJSONRequestOperation.m */ = {isa = PBXFileReference; fileEncoding = 4; lastKnownFileType = sourcecode.c.objc; path = AFJSONRequestOperation.m; sourceTree = "<group>"; };
		F0B9EBDA150D3D7B006CC3E7 /* AFJSONUtilities.h */ = {isa = PBXFileReference; fileEncoding = 4; lastKnownFileType = sourcecode.c.h; path = AFJSONUtilities.h; sourceTree = "<group>"; };
		F0B9EBDB150D3D7B006CC3E7 /* AFJSONUtilities.m */ = {isa = PBXFileReference; fileEncoding = 4; lastKnownFileType = sourcecode.c.objc; path = AFJSONUtilities.m; sourceTree = "<group>"; };
		F0B9EBDC150D3D7B006CC3E7 /* AFNetworkActivityIndicatorManager.h */ = {isa = PBXFileReference; fileEncoding = 4; lastKnownFileType = sourcecode.c.h; path = AFNetworkActivityIndicatorManager.h; sourceTree = "<group>"; };
		F0B9EBDD150D3D7B006CC3E7 /* AFNetworkActivityIndicatorManager.m */ = {isa = PBXFileReference; fileEncoding = 4; lastKnownFileType = sourcecode.c.objc; path = AFNetworkActivityIndicatorManager.m; sourceTree = "<group>"; };
		F0B9EBDE150D3D7B006CC3E7 /* AFNetworking.h */ = {isa = PBXFileReference; fileEncoding = 4; lastKnownFileType = sourcecode.c.h; path = AFNetworking.h; sourceTree = "<group>"; };
		F0B9EBDF150D3D7B006CC3E7 /* AFPropertyListRequestOperation.h */ = {isa = PBXFileReference; fileEncoding = 4; lastKnownFileType = sourcecode.c.h; path = AFPropertyListRequestOperation.h; sourceTree = "<group>"; };
		F0B9EBE0150D3D7B006CC3E7 /* AFPropertyListRequestOperation.m */ = {isa = PBXFileReference; fileEncoding = 4; lastKnownFileType = sourcecode.c.objc; path = AFPropertyListRequestOperation.m; sourceTree = "<group>"; };
		F0B9EBE1150D3D7B006CC3E7 /* AFURLConnectionOperation.h */ = {isa = PBXFileReference; fileEncoding = 4; lastKnownFileType = sourcecode.c.h; path = AFURLConnectionOperation.h; sourceTree = "<group>"; };
		F0B9EBE2150D3D7B006CC3E7 /* AFURLConnectionOperation.m */ = {isa = PBXFileReference; fileEncoding = 4; lastKnownFileType = sourcecode.c.objc; path = AFURLConnectionOperation.m; sourceTree = "<group>"; };
		F0B9EBE3150D3D7B006CC3E7 /* AFXMLRequestOperation.h */ = {isa = PBXFileReference; fileEncoding = 4; lastKnownFileType = sourcecode.c.h; path = AFXMLRequestOperation.h; sourceTree = "<group>"; };
		F0B9EBE4150D3D7B006CC3E7 /* AFXMLRequestOperation.m */ = {isa = PBXFileReference; fileEncoding = 4; lastKnownFileType = sourcecode.c.objc; path = AFXMLRequestOperation.m; sourceTree = "<group>"; };
		F0B9EBE5150D3D7B006CC3E7 /* UIImageView+AFNetworking.h */ = {isa = PBXFileReference; fileEncoding = 4; lastKnownFileType = sourcecode.c.h; path = "UIImageView+AFNetworking.h"; sourceTree = "<group>"; };
		F0B9EBE6150D3D7B006CC3E7 /* UIImageView+AFNetworking.m */ = {isa = PBXFileReference; fileEncoding = 4; lastKnownFileType = sourcecode.c.objc; path = "UIImageView+AFNetworking.m"; sourceTree = "<group>"; };
		F0B9EBF1150DC15F006CC3E7 /* ComposeController.h */ = {isa = PBXFileReference; fileEncoding = 4; lastKnownFileType = sourcecode.c.h; name = ComposeController.h; path = Controllers/ComposeController.h; sourceTree = "<group>"; };
		F0B9EBF2150DC160006CC3E7 /* ComposeController.m */ = {isa = PBXFileReference; fileEncoding = 4; lastKnownFileType = sourcecode.c.objc; name = ComposeController.m; path = Controllers/ComposeController.m; sourceTree = "<group>"; };
		F0B9EBF4150DC264006CC3E7 /* PlaceholderTextView.h */ = {isa = PBXFileReference; fileEncoding = 4; lastKnownFileType = sourcecode.c.h; name = PlaceholderTextView.h; path = Views/PlaceholderTextView.h; sourceTree = "<group>"; };
		F0B9EBF5150DC264006CC3E7 /* PlaceholderTextView.m */ = {isa = PBXFileReference; fileEncoding = 4; lastKnownFileType = sourcecode.c.objc; name = PlaceholderTextView.m; path = Views/PlaceholderTextView.m; sourceTree = "<group>"; };
		F0B9EBF7150DC471006CC3E7 /* SubmissionComposeController.h */ = {isa = PBXFileReference; fileEncoding = 4; lastKnownFileType = sourcecode.c.h; name = SubmissionComposeController.h; path = Controllers/SubmissionComposeController.h; sourceTree = "<group>"; };
		F0B9EBF8150DC472006CC3E7 /* SubmissionComposeController.m */ = {isa = PBXFileReference; fileEncoding = 4; lastKnownFileType = sourcecode.c.objc; name = SubmissionComposeController.m; path = Controllers/SubmissionComposeController.m; sourceTree = "<group>"; };
		F0BC9B9915166EA300E1348A /* CommentComposeController.h */ = {isa = PBXFileReference; fileEncoding = 4; lastKnownFileType = sourcecode.c.h; name = CommentComposeController.h; path = Controllers/CommentComposeController.h; sourceTree = "<group>"; };
		F0BC9B9A15166EA300E1348A /* CommentComposeController.m */ = {isa = PBXFileReference; fileEncoding = 4; lastKnownFileType = sourcecode.c.objc; name = CommentComposeController.m; path = Controllers/CommentComposeController.m; sourceTree = "<group>"; };
		F0C5BB26151286DD00F14F5E /* comment-arrow.png */ = {isa = PBXFileReference; lastKnownFileType = image.png; path = "comment-arrow.png"; sourceTree = "<group>"; };
		F0CC6C3D151061F2000FDE89 /* TableHeaderView.h */ = {isa = PBXFileReference; fileEncoding = 4; lastKnownFileType = sourcecode.c.h; name = TableHeaderView.h; path = Views/TableHeaderView.h; sourceTree = "<group>"; };
		F0CC6C3E151061F2000FDE89 /* TableHeaderView.m */ = {isa = PBXFileReference; fileEncoding = 4; lastKnownFileType = sourcecode.c.objc; name = TableHeaderView.m; path = Views/TableHeaderView.m; sourceTree = "<group>"; };
		F0D4AB381517C256003B9774 /* HKAPI.h */ = {isa = PBXFileReference; fileEncoding = 4; lastKnownFileType = sourcecode.c.h; name = HKAPI.h; path = HackfulKit/HKAPI.h; sourceTree = "<group>"; };
		F0D4AB391517C256003B9774 /* HKAPI.m */ = {isa = PBXFileReference; fileEncoding = 4; lastKnownFileType = sourcecode.c.objc; name = HKAPI.m; path = HackfulKit/HKAPI.m; sourceTree = "<group>"; };
		F0E2007A150419C600F847A2 /* SideSwipeTableViewCell.h */ = {isa = PBXFileReference; fileEncoding = 4; lastKnownFileType = sourcecode.c.h; path = SideSwipeTableViewCell.h; sourceTree = "<group>"; };
		F0E2007B150419C600F847A2 /* SideSwipeTableViewCell.m */ = {isa = PBXFileReference; fileEncoding = 4; lastKnownFileType = sourcecode.c.objc; path = SideSwipeTableViewCell.m; sourceTree = "<group>"; };
		F0E2007C150419C600F847A2 /* SideSwipeTableViewController.h */ = {isa = PBXFileReference; fileEncoding = 4; lastKnownFileType = sourcecode.c.h; path = SideSwipeTableViewController.h; sourceTree = "<group>"; };
		F0E2007D150419C600F847A2 /* SideSwipeTableViewController.m */ = {isa = PBXFileReference; fileEncoding = 4; lastKnownFileType = sourcecode.c.objc; path = SideSwipeTableViewController.m; sourceTree = "<group>"; };
		F0E2008515041A7D00F847A2 /* action.png */ = {isa = PBXFileReference; lastKnownFileType = image.png; path = action.png; sourceTree = "<group>"; };
		F0E2008615041A7D00F847A2 /* action@2x.png */ = {isa = PBXFileReference; lastKnownFileType = image.png; path = "action@2x.png"; sourceTree = "<group>"; };
		F0E2008715041A7D00F847A2 /* dotted-pattern.png */ = {isa = PBXFileReference; lastKnownFileType = image.png; path = "dotted-pattern.png"; sourceTree = "<group>"; };
		F0E2008815041A7D00F847A2 /* dotted-pattern@2x.png */ = {isa = PBXFileReference; lastKnownFileType = image.png; path = "dotted-pattern@2x.png"; sourceTree = "<group>"; };
		F0E2008915041A7D00F847A2 /* inner-shadow.png */ = {isa = PBXFileReference; lastKnownFileType = image.png; path = "inner-shadow.png"; sourceTree = "<group>"; };
		F0E2009015041A7D00F847A2 /* retweet-outline-button-item.png */ = {isa = PBXFileReference; lastKnownFileType = image.png; path = "retweet-outline-button-item.png"; sourceTree = "<group>"; };
		F0E2009115041A7D00F847A2 /* retweet-outline-button-item@2x.png */ = {isa = PBXFileReference; lastKnownFileType = image.png; path = "retweet-outline-button-item@2x.png"; sourceTree = "<group>"; };
		F0E33E361514D6D600EE551C /* NavigationController.h */ = {isa = PBXFileReference; fileEncoding = 4; lastKnownFileType = sourcecode.c.h; name = NavigationController.h; path = Controllers/NavigationController.h; sourceTree = "<group>"; };
		F0E33E371514D6D600EE551C /* NavigationController.m */ = {isa = PBXFileReference; fileEncoding = 4; lastKnownFileType = sourcecode.c.objc; name = NavigationController.m; path = Controllers/NavigationController.m; sourceTree = "<group>"; };
		F0E33E3A1514D6F600EE551C /* PullToRefreshView.h */ = {isa = PBXFileReference; fileEncoding = 4; lastKnownFileType = sourcecode.c.h; name = PullToRefreshView.h; path = PullToRefresh/PullToRefreshView.h; sourceTree = "<group>"; };
		F0E33E3B1514D6F600EE551C /* PullToRefreshView.m */ = {isa = PBXFileReference; fileEncoding = 4; lastKnownFileType = sourcecode.c.objc; name = PullToRefreshView.m; path = PullToRefresh/PullToRefreshView.m; sourceTree = "<group>"; };
		F0E33E3D1514D71B00EE551C /* LoadingIndicatorView.h */ = {isa = PBXFileReference; fileEncoding = 4; lastKnownFileType = sourcecode.c.h; name = LoadingIndicatorView.h; path = Views/LoadingIndicatorView.h; sourceTree = "<group>"; };
		F0E33E3E1514D71B00EE551C /* LoadingIndicatorView.m */ = {isa = PBXFileReference; fileEncoding = 4; lastKnownFileType = sourcecode.c.objc; name = LoadingIndicatorView.m; path = Views/LoadingIndicatorView.m; sourceTree = "<group>"; };
		F0E5DC4914E6FA2800F60D43 /* hackful.app */ = {isa = PBXFileReference; explicitFileType = wrapper.application; includeInIndex = 0; path = hackful.app; sourceTree = BUILT_PRODUCTS_DIR; };
		F0E5DC4D14E6FA2800F60D43 /* UIKit.framework */ = {isa = PBXFileReference; lastKnownFileType = wrapper.framework; name = UIKit.framework; path = System/Library/Frameworks/UIKit.framework; sourceTree = SDKROOT; };
		F0E5DC4F14E6FA2800F60D43 /* Foundation.framework */ = {isa = PBXFileReference; lastKnownFileType = wrapper.framework; name = Foundation.framework; path = System/Library/Frameworks/Foundation.framework; sourceTree = SDKROOT; };
		F0E5DC5114E6FA2800F60D43 /* CoreGraphics.framework */ = {isa = PBXFileReference; lastKnownFileType = wrapper.framework; name = CoreGraphics.framework; path = System/Library/Frameworks/CoreGraphics.framework; sourceTree = SDKROOT; };
		F0E5DC5314E6FA2800F60D43 /* CoreData.framework */ = {isa = PBXFileReference; lastKnownFileType = wrapper.framework; name = CoreData.framework; path = System/Library/Frameworks/CoreData.framework; sourceTree = SDKROOT; };
		F0E5DC5714E6FA2800F60D43 /* hackful-Info.plist */ = {isa = PBXFileReference; lastKnownFileType = text.plist.xml; path = "hackful-Info.plist"; sourceTree = "<group>"; };
		F0E5DC5914E6FA2800F60D43 /* en */ = {isa = PBXFileReference; lastKnownFileType = text.plist.strings; name = en; path = en.lproj/InfoPlist.strings; sourceTree = "<group>"; };
		F0E5DC5B14E6FA2800F60D43 /* main.m */ = {isa = PBXFileReference; lastKnownFileType = sourcecode.c.objc; path = main.m; sourceTree = "<group>"; };
		F0E5DC5D14E6FA2800F60D43 /* hackful-Prefix.pch */ = {isa = PBXFileReference; lastKnownFileType = sourcecode.c.h; path = "hackful-Prefix.pch"; sourceTree = "<group>"; };
		F0E5DC5E14E6FA2800F60D43 /* HackfulAppDelegate.h */ = {isa = PBXFileReference; lastKnownFileType = sourcecode.c.h; path = HackfulAppDelegate.h; sourceTree = "<group>"; };
		F0E5DC5F14E6FA2800F60D43 /* HackfulAppDelegate.m */ = {isa = PBXFileReference; lastKnownFileType = sourcecode.c.objc; path = HackfulAppDelegate.m; sourceTree = "<group>"; };
		F0E5DC6914E6FA2800F60D43 /* hackfulTests.octest */ = {isa = PBXFileReference; explicitFileType = wrapper.cfbundle; includeInIndex = 0; path = hackfulTests.octest; sourceTree = BUILT_PRODUCTS_DIR; };
		F0E5DC6A14E6FA2800F60D43 /* SenTestingKit.framework */ = {isa = PBXFileReference; lastKnownFileType = wrapper.framework; name = SenTestingKit.framework; path = Library/Frameworks/SenTestingKit.framework; sourceTree = DEVELOPER_DIR; };
		F0E5DC7314E6FA2800F60D43 /* hackfulTests-Info.plist */ = {isa = PBXFileReference; lastKnownFileType = text.plist.xml; path = "hackfulTests-Info.plist"; sourceTree = "<group>"; };
		F0E5DC7514E6FA2800F60D43 /* en */ = {isa = PBXFileReference; lastKnownFileType = text.plist.strings; name = en; path = en.lproj/InfoPlist.strings; sourceTree = "<group>"; };
		F0E5DC7714E6FA2800F60D43 /* hackfulTests.h */ = {isa = PBXFileReference; lastKnownFileType = sourcecode.c.h; path = hackfulTests.h; sourceTree = "<group>"; };
		F0E5DC7814E6FA2800F60D43 /* hackfulTests.m */ = {isa = PBXFileReference; lastKnownFileType = sourcecode.c.objc; path = hackfulTests.m; sourceTree = "<group>"; };
		F0E5DCE114E6FFED00F60D43 /* MainTabBarController.h */ = {isa = PBXFileReference; fileEncoding = 4; lastKnownFileType = sourcecode.c.h; name = MainTabBarController.h; path = Controllers/MainTabBarController.h; sourceTree = "<group>"; };
		F0E5DCE214E6FFED00F60D43 /* MainTabBarController.m */ = {isa = PBXFileReference; fileEncoding = 4; lastKnownFileType = sourcecode.c.objc; name = MainTabBarController.m; path = Controllers/MainTabBarController.m; sourceTree = "<group>"; };
		F0E5DCE614E7010200F60D43 /* arrow.png */ = {isa = PBXFileReference; lastKnownFileType = image.png; path = arrow.png; sourceTree = "<group>"; };
		F0E5DCE714E7010200F60D43 /* arrow@2x.png */ = {isa = PBXFileReference; lastKnownFileType = image.png; path = "arrow@2x.png"; sourceTree = "<group>"; };
		F0E5DCE814E7010200F60D43 /* back.png */ = {isa = PBXFileReference; lastKnownFileType = image.png; path = back.png; sourceTree = "<group>"; };
		F0E5DCE914E7010200F60D43 /* back@2x.png */ = {isa = PBXFileReference; lastKnownFileType = image.png; path = "back@2x.png"; sourceTree = "<group>"; };
		F0E5DCEA14E7010200F60D43 /* check.png */ = {isa = PBXFileReference; lastKnownFileType = image.png; path = check.png; sourceTree = "<group>"; };
		F0E5DCEB14E7010200F60D43 /* check@2x.png */ = {isa = PBXFileReference; lastKnownFileType = image.png; path = "check@2x.png"; sourceTree = "<group>"; };
		F0E5DCEC14E7010200F60D43 /* disclosure.png */ = {isa = PBXFileReference; lastKnownFileType = image.png; path = disclosure.png; sourceTree = "<group>"; };
		F0E5DCED14E7010200F60D43 /* disclosure@2x.png */ = {isa = PBXFileReference; lastKnownFileType = image.png; path = "disclosure@2x.png"; sourceTree = "<group>"; };
		F0E5DCF014E7010200F60D43 /* empty.png */ = {isa = PBXFileReference; lastKnownFileType = image.png; path = empty.png; sourceTree = "<group>"; };
		F0E5DCF314E7010200F60D43 /* forward.png */ = {isa = PBXFileReference; lastKnownFileType = image.png; path = forward.png; sourceTree = "<group>"; };
		F0E5DCF414E7010200F60D43 /* forward@2x.png */ = {isa = PBXFileReference; lastKnownFileType = image.png; path = "forward@2x.png"; sourceTree = "<group>"; };
		F0E5DCF514E7010200F60D43 /* home.png */ = {isa = PBXFileReference; lastKnownFileType = image.png; path = home.png; sourceTree = "<group>"; };
		F0E5DCF614E7010200F60D43 /* home@2x.png */ = {isa = PBXFileReference; lastKnownFileType = image.png; path = "home@2x.png"; sourceTree = "<group>"; };
		F0E5DCF714E7010200F60D43 /* new.png */ = {isa = PBXFileReference; lastKnownFileType = image.png; path = new.png; sourceTree = "<group>"; };
		F0E5DCF814E7010200F60D43 /* new@2x.png */ = {isa = PBXFileReference; lastKnownFileType = image.png; path = "new@2x.png"; sourceTree = "<group>"; };
		F0E5DCF914E7010200F60D43 /* person.png */ = {isa = PBXFileReference; lastKnownFileType = image.png; path = person.png; sourceTree = "<group>"; };
		F0E5DCFA14E7010200F60D43 /* person@2x.png */ = {isa = PBXFileReference; lastKnownFileType = image.png; path = "person@2x.png"; sourceTree = "<group>"; };
		F0E5DCFB14E7010200F60D43 /* profile.png */ = {isa = PBXFileReference; lastKnownFileType = image.png; path = profile.png; sourceTree = "<group>"; };
		F0E5DCFC14E7010200F60D43 /* profile@2x.png */ = {isa = PBXFileReference; lastKnownFileType = image.png; path = "profile@2x.png"; sourceTree = "<group>"; };
		F0E5DCFF14E7010200F60D43 /* refresh.png */ = {isa = PBXFileReference; lastKnownFileType = image.png; path = refresh.png; sourceTree = "<group>"; };
		F0E5DD0014E7010200F60D43 /* refresh@2x.png */ = {isa = PBXFileReference; lastKnownFileType = image.png; path = "refresh@2x.png"; sourceTree = "<group>"; };
		F0E5DD0114E7010200F60D43 /* reply.png */ = {isa = PBXFileReference; lastKnownFileType = image.png; path = reply.png; sourceTree = "<group>"; };
		F0E5DD0214E7010200F60D43 /* reply@2x.png */ = {isa = PBXFileReference; lastKnownFileType = image.png; path = "reply@2x.png"; sourceTree = "<group>"; };
		F0E5DD0914E7010200F60D43 /* x.png */ = {isa = PBXFileReference; lastKnownFileType = image.png; path = x.png; sourceTree = "<group>"; };
		F0E5DD0A14E7010200F60D43 /* x@2x.png */ = {isa = PBXFileReference; lastKnownFileType = image.png; path = "x@2x.png"; sourceTree = "<group>"; };
		F0E5DD3314E7033600F60D43 /* PostController.h */ = {isa = PBXFileReference; fileEncoding = 4; lastKnownFileType = sourcecode.c.h; name = PostController.h; path = Controllers/PostController.h; sourceTree = "<group>"; };
		F0E5DD3414E7033600F60D43 /* PostController.m */ = {isa = PBXFileReference; fileEncoding = 4; lastKnownFileType = sourcecode.c.objc; name = PostController.m; path = Controllers/PostController.m; sourceTree = "<group>"; };
		F0E5DD4614E7118600F60D43 /* QuartzCore.framework */ = {isa = PBXFileReference; lastKnownFileType = wrapper.framework; name = QuartzCore.framework; path = System/Library/Frameworks/QuartzCore.framework; sourceTree = SDKROOT; };
		F0E8B6E51500957F00488EFF /* Security.framework */ = {isa = PBXFileReference; lastKnownFileType = wrapper.framework; name = Security.framework; path = System/Library/Frameworks/Security.framework; sourceTree = SDKROOT; };
		F0E8B6E71500958A00488EFF /* MobileCoreServices.framework */ = {isa = PBXFileReference; lastKnownFileType = wrapper.framework; name = MobileCoreServices.framework; path = System/Library/Frameworks/MobileCoreServices.framework; sourceTree = SDKROOT; };
		F0E8B6E91500959500488EFF /* SystemConfiguration.framework */ = {isa = PBXFileReference; lastKnownFileType = wrapper.framework; name = SystemConfiguration.framework; path = System/Library/Frameworks/SystemConfiguration.framework; sourceTree = SDKROOT; };
		F0E8B6EB150095A200488EFF /* libxml2.dylib */ = {isa = PBXFileReference; lastKnownFileType = "compiled.mach-o.dylib"; name = libxml2.dylib; path = usr/lib/libxml2.dylib; sourceTree = SDKROOT; };
		F0E8B6ED150099E100488EFF /* HKPostList.h */ = {isa = PBXFileReference; fileEncoding = 4; lastKnownFileType = sourcecode.c.h; name = HKPostList.h; path = HackfulKit/HKPostList.h; sourceTree = "<group>"; };
		F0E8B6EE150099E100488EFF /* HKPostList.m */ = {isa = PBXFileReference; fileEncoding = 4; lastKnownFileType = sourcecode.c.objc; name = HKPostList.m; path = HackfulKit/HKPostList.m; sourceTree = "<group>"; };
		F0F0A13715184952006EC3D7 /* Twitter.framework */ = {isa = PBXFileReference; lastKnownFileType = wrapper.framework; name = Twitter.framework; path = System/Library/Frameworks/Twitter.framework; sourceTree = SDKROOT; };
/* End PBXFileReference section */

/* Begin PBXFrameworksBuildPhase section */
		F0E5DC4614E6FA2800F60D43 /* Frameworks */ = {
			isa = PBXFrameworksBuildPhase;
			buildActionMask = 2147483647;
			files = (
				F04FA6E9151D2F1100ED35D0 /* CFNetwork.framework in Frameworks */,
				F04FA6E8151D2F0800ED35D0 /* SystemConfiguration.framework in Frameworks */,
				F04FA6E3151D2C3100ED35D0 /* MessageUI.framework in Frameworks */,
				F0F0A13815184952006EC3D7 /* Twitter.framework in Frameworks */,
				F0E5DC4E14E6FA2800F60D43 /* UIKit.framework in Frameworks */,
				F0E5DC5014E6FA2800F60D43 /* Foundation.framework in Frameworks */,
				F0E5DD4714E7118600F60D43 /* QuartzCore.framework in Frameworks */,
				F0E5DC5214E6FA2800F60D43 /* CoreGraphics.framework in Frameworks */,
			);
			runOnlyForDeploymentPostprocessing = 0;
		};
		F0E5DC6514E6FA2800F60D43 /* Frameworks */ = {
			isa = PBXFrameworksBuildPhase;
			buildActionMask = 2147483647;
			files = (
				F0E5DC6B14E6FA2800F60D43 /* SenTestingKit.framework in Frameworks */,
				F0E5DC6C14E6FA2800F60D43 /* UIKit.framework in Frameworks */,
				F0E5DC6D14E6FA2800F60D43 /* Foundation.framework in Frameworks */,
				F0E5DC6E14E6FA2800F60D43 /* CoreData.framework in Frameworks */,
			);
			runOnlyForDeploymentPostprocessing = 0;
		};
/* End PBXFrameworksBuildPhase section */

/* Begin PBXGroup section */
		F04333941506B7B100C676F0 /* New */ = {
			isa = PBXGroup;
			children = (
				F0C5BB26151286DD00F14F5E /* comment-arrow.png */,
				F04333B11506BE6300C676F0 /* 58-bookmark.png */,
				F04333B21506BE6300C676F0 /* 58-bookmark@2x.png */,
				F04333AB1506BE0200C676F0 /* comments.png */,
				F04333AC1506BE0200C676F0 /* book.png */,
				F04333AD1506BE0200C676F0 /* up_arrow.png */,
				F04333951506B7B100C676F0 /* 08-chat.png */,
				F04333961506B7B100C676F0 /* 08-chat@2x.png */,
			);
			name = New;
			path = hackful/Resources/New;
			sourceTree = "<group>";
		};
		F04FA6E4151D2DF900ED35D0 /* Appirater */ = {
			isa = PBXGroup;
			children = (
				F07F9D24151DBC9C00F136B2 /* Appirater.h */,
				F07F9D25151DBC9C00F136B2 /* Appirater.m */,
			);
			name = Appirater;
			sourceTree = "<group>";
		};
		F04FA6F6151D8E7200ED35D0 /* SVProgressHUD */ = {
			isa = PBXGroup;
			children = (
				F04FA6F7151D8E7200ED35D0 /* SVProgressHUD.bundle */,
				F04FA6F8151D8E7200ED35D0 /* SVProgressHUD.h */,
				F04FA6F9151D8E7200ED35D0 /* SVProgressHUD.m */,
			);
			path = SVProgressHUD;
			sourceTree = "<group>";
		};
		F07F9D16151DAA7500F136B2 /* SVWebViewController */ = {
			isa = PBXGroup;
			children = (
				F07F9D17151DAA7500F136B2 /* SVModalWebViewController.h */,
				F07F9D18151DAA7500F136B2 /* SVModalWebViewController.m */,
				F07F9D19151DAA7500F136B2 /* SVWebViewController.bundle */,
				F07F9D1A151DAA7500F136B2 /* SVWebViewController.h */,
				F07F9D1B151DAA7500F136B2 /* SVWebViewController.m */,
			);
			path = SVWebViewController;
			sourceTree = "<group>";
		};
		F0B9EBD1150D3D7B006CC3E7 /* AFNetworking */ = {
			isa = PBXGroup;
			children = (
				F0B9EBD2150D3D7B006CC3E7 /* AFHTTPClient.h */,
				F0B9EBD3150D3D7B006CC3E7 /* AFHTTPClient.m */,
				F0B9EBD4150D3D7B006CC3E7 /* AFHTTPRequestOperation.h */,
				F0B9EBD5150D3D7B006CC3E7 /* AFHTTPRequestOperation.m */,
				F0B9EBD6150D3D7B006CC3E7 /* AFImageRequestOperation.h */,
				F0B9EBD7150D3D7B006CC3E7 /* AFImageRequestOperation.m */,
				F0B9EBD8150D3D7B006CC3E7 /* AFJSONRequestOperation.h */,
				F0B9EBD9150D3D7B006CC3E7 /* AFJSONRequestOperation.m */,
				F0B9EBDA150D3D7B006CC3E7 /* AFJSONUtilities.h */,
				F0B9EBDB150D3D7B006CC3E7 /* AFJSONUtilities.m */,
				F0B9EBDC150D3D7B006CC3E7 /* AFNetworkActivityIndicatorManager.h */,
				F0B9EBDD150D3D7B006CC3E7 /* AFNetworkActivityIndicatorManager.m */,
				F0B9EBDE150D3D7B006CC3E7 /* AFNetworking.h */,
				F0B9EBDF150D3D7B006CC3E7 /* AFPropertyListRequestOperation.h */,
				F0B9EBE0150D3D7B006CC3E7 /* AFPropertyListRequestOperation.m */,
				F0B9EBE1150D3D7B006CC3E7 /* AFURLConnectionOperation.h */,
				F0B9EBE2150D3D7B006CC3E7 /* AFURLConnectionOperation.m */,
				F0B9EBE3150D3D7B006CC3E7 /* AFXMLRequestOperation.h */,
				F0B9EBE4150D3D7B006CC3E7 /* AFXMLRequestOperation.m */,
				F0B9EBE5150D3D7B006CC3E7 /* UIImageView+AFNetworking.h */,
				F0B9EBE6150D3D7B006CC3E7 /* UIImageView+AFNetworking.m */,
			);
			path = AFNetworking;
			sourceTree = "<group>";
		};
		F0C5BB201511C08600F14F5E /* PullToRefresh */ = {
			isa = PBXGroup;
			children = (
				F0E33E3A1514D6F600EE551C /* PullToRefreshView.h */,
				F0E33E3B1514D6F600EE551C /* PullToRefreshView.m */,
			);
			name = PullToRefresh;
			sourceTree = "<group>";
		};
		F0E20077150419C600F847A2 /* SideSwipe */ = {
			isa = PBXGroup;
			children = (
				F0E2007A150419C600F847A2 /* SideSwipeTableViewCell.h */,
				F0E2007B150419C600F847A2 /* SideSwipeTableViewCell.m */,
				F0E2007C150419C600F847A2 /* SideSwipeTableViewController.h */,
				F0E2007D150419C600F847A2 /* SideSwipeTableViewController.m */,
			);
			path = SideSwipe;
			sourceTree = "<group>";
		};
		F0E2008415041A7D00F847A2 /* SideSwipe */ = {
			isa = PBXGroup;
			children = (
				F0E2008515041A7D00F847A2 /* action.png */,
				F0E2008615041A7D00F847A2 /* action@2x.png */,
				F0E2008715041A7D00F847A2 /* dotted-pattern.png */,
				F0E2008815041A7D00F847A2 /* dotted-pattern@2x.png */,
				F0E2008915041A7D00F847A2 /* inner-shadow.png */,
				F0E2009015041A7D00F847A2 /* retweet-outline-button-item.png */,
				F0E2009115041A7D00F847A2 /* retweet-outline-button-item@2x.png */,
			);
			name = SideSwipe;
			path = hackful/Resources/SideSwipe;
			sourceTree = "<group>";
		};
		F0E5DC3E14E6FA2800F60D43 = {
			isa = PBXGroup;
			children = (
				F07F9D16151DAA7500F136B2 /* SVWebViewController */,
				F04FA6F6151D8E7200ED35D0 /* SVProgressHUD */,
				F04FA6E4151D2DF900ED35D0 /* Appirater */,
				F0C5BB201511C08600F14F5E /* PullToRefresh */,
				F0B9EBD1150D3D7B006CC3E7 /* AFNetworking */,
				F0E5DC5514E6FA2800F60D43 /* hackful */,
				F0E5DC7114E6FA2800F60D43 /* hackfulTests */,
				F0E5DCE414E7009900F60D43 /* Resources */,
				F0E5DC4C14E6FA2800F60D43 /* Frameworks */,
				F0E5DC4A14E6FA2800F60D43 /* Products */,
			);
			sourceTree = "<group>";
		};
		F0E5DC4A14E6FA2800F60D43 /* Products */ = {
			isa = PBXGroup;
			children = (
				F0E5DC4914E6FA2800F60D43 /* hackful.app */,
				F0E5DC6914E6FA2800F60D43 /* hackfulTests.octest */,
			);
			name = Products;
			sourceTree = "<group>";
		};
		F0E5DC4C14E6FA2800F60D43 /* Frameworks */ = {
			isa = PBXGroup;
			children = (
				F0E8B6EB150095A200488EFF /* libxml2.dylib */,
				F04FA6E2151D2C3000ED35D0 /* MessageUI.framework */,
				F0F0A13715184952006EC3D7 /* Twitter.framework */,
				F044F77D150285270037B7A9 /* CFNetwork.framework */,
				F0E8B6E91500959500488EFF /* SystemConfiguration.framework */,
				F0E8B6E71500958A00488EFF /* MobileCoreServices.framework */,
				F0E8B6E51500957F00488EFF /* Security.framework */,
				F0E5DD4614E7118600F60D43 /* QuartzCore.framework */,
				F0E5DC4D14E6FA2800F60D43 /* UIKit.framework */,
				F0E5DC4F14E6FA2800F60D43 /* Foundation.framework */,
				F0E5DC5114E6FA2800F60D43 /* CoreGraphics.framework */,
				F0E5DC5314E6FA2800F60D43 /* CoreData.framework */,
				F0E5DC6A14E6FA2800F60D43 /* SenTestingKit.framework */,
			);
			name = Frameworks;
			sourceTree = "<group>";
		};
		F0E5DC5514E6FA2800F60D43 /* hackful */ = {
			isa = PBXGroup;
			children = (
				F0E20077150419C600F847A2 /* SideSwipe */,
				F0E5DD6014E71D2900F60D43 /* Categories */,
				F0E5DD3614E707C500F60D43 /* Views */,
				F0E5DCE014E6FF8600F60D43 /* HackfulKit */,
				F0E5DC8614E6FB4F00F60D43 /* Controllers */,
				F0E5DC5E14E6FA2800F60D43 /* HackfulAppDelegate.h */,
				F0E5DC5F14E6FA2800F60D43 /* HackfulAppDelegate.m */,
				F0E5DC5614E6FA2800F60D43 /* Supporting Files */,
			);
			path = hackful;
			sourceTree = "<group>";
		};
		F0E5DC5614E6FA2800F60D43 /* Supporting Files */ = {
			isa = PBXGroup;
			children = (
				F0E5DC5714E6FA2800F60D43 /* hackful-Info.plist */,
				F0E5DC5814E6FA2800F60D43 /* InfoPlist.strings */,
				F0E5DC5B14E6FA2800F60D43 /* main.m */,
				F0E5DC5D14E6FA2800F60D43 /* hackful-Prefix.pch */,
			);
			name = "Supporting Files";
			sourceTree = "<group>";
		};
		F0E5DC7114E6FA2800F60D43 /* hackfulTests */ = {
			isa = PBXGroup;
			children = (
				F0E5DC7714E6FA2800F60D43 /* hackfulTests.h */,
				F0E5DC7814E6FA2800F60D43 /* hackfulTests.m */,
				F0E5DC7214E6FA2800F60D43 /* Supporting Files */,
			);
			path = hackfulTests;
			sourceTree = "<group>";
		};
		F0E5DC7214E6FA2800F60D43 /* Supporting Files */ = {
			isa = PBXGroup;
			children = (
				F0E5DC7314E6FA2800F60D43 /* hackfulTests-Info.plist */,
				F0E5DC7414E6FA2800F60D43 /* InfoPlist.strings */,
			);
			name = "Supporting Files";
			sourceTree = "<group>";
		};
		F0E5DC8614E6FB4F00F60D43 /* Controllers */ = {
			isa = PBXGroup;
			children = (
				F0E33E361514D6D600EE551C /* NavigationController.h */,
				F0E33E371514D6D600EE551C /* NavigationController.m */,
				F0B9EBCB150CBC48006CC3E7 /* LoginController.h */,
				F0B9EBCC150CBC48006CC3E7 /* LoginController.m */,
				F0E5DCE114E6FFED00F60D43 /* MainTabBarController.h */,
				F0E5DCE214E6FFED00F60D43 /* MainTabBarController.m */,
				F0E5DD3314E7033600F60D43 /* PostController.h */,
				F0E5DD3414E7033600F60D43 /* PostController.m */,
				F044F7C615038F830037B7A9 /* CommentsController.h */,
				F044F7C715038F830037B7A9 /* CommentsController.m */,
				F0B9EBC8150CBB0D006CC3E7 /* HackfulLoginController.h */,
				F0B9EBC9150CBB0D006CC3E7 /* HackfulLoginController.m */,
				F0B9EBF1150DC15F006CC3E7 /* ComposeController.h */,
				F0B9EBF2150DC160006CC3E7 /* ComposeController.m */,
				F0B9EBF7150DC471006CC3E7 /* SubmissionComposeController.h */,
				F0B9EBF8150DC472006CC3E7 /* SubmissionComposeController.m */,
				F0BC9B9915166EA300E1348A /* CommentComposeController.h */,
				F0BC9B9A15166EA300E1348A /* CommentComposeController.m */,
				F04FA6DF151D16AE00ED35D0 /* MoreController.h */,
				F04FA6E0151D16AE00ED35D0 /* MoreController.m */,
			);
			name = Controllers;
			sourceTree = "<group>";
		};
		F0E5DCE014E6FF8600F60D43 /* HackfulKit */ = {
			isa = PBXGroup;
			children = (
				F0D4AB381517C256003B9774 /* HKAPI.h */,
				F0D4AB391517C256003B9774 /* HKAPI.m */,
				F044F78E15028DFD0037B7A9 /* HKSession.h */,
				F044F78F15028DFD0037B7A9 /* HKSession.m */,
				F044F77F150288FE0037B7A9 /* HKUser.h */,
				F044F780150288FE0037B7A9 /* HKUser.m */,
				F044F78215028A9A0037B7A9 /* HKPost.h */,
				F044F78315028A9A0037B7A9 /* HKPost.m */,
				F044F78515028D820037B7A9 /* HKComment.h */,
				F044F78615028D820037B7A9 /* HKComment.m */,
				F044F78815028DA00037B7A9 /* HKNotification.h */,
				F044F78915028DA00037B7A9 /* HKNotification.m */,
				F044F79215028E190037B7A9 /* HKMessage.h */,
				F044F79315028E190037B7A9 /* HKMessage.m */,
				F044F79615028E370037B7A9 /* HKNotifications.h */,
				F044F79715028E370037B7A9 /* HKNotifications.m */,
				F044F79E150351460037B7A9 /* HKEntry.h */,
				F044F79F150351460037B7A9 /* HKEntry.m */,
				F044F7D51503E2CF0037B7A9 /* HKListDelegate.h */,
				F044F7D71503E6700037B7A9 /* HKList.h */,
				F044F7D81503E6720037B7A9 /* HKList.m */,
				F0E8B6ED150099E100488EFF /* HKPostList.h */,
				F0E8B6EE150099E100488EFF /* HKPostList.m */,
				F044F7C9150391EF0037B7A9 /* HKCommentList.h */,
				F044F7CA150391EF0037B7A9 /* HKCommentList.m */,
			);
			name = HackfulKit;
			sourceTree = "<group>";
		};
		F0E5DCE414E7009900F60D43 /* Resources */ = {
			isa = PBXGroup;
			children = (
				F0225746151DF47800E3C5A2 /* Default.png */,
				F0225747151DF47800E3C5A2 /* Default@2x.png */,
				F07F9D34151DC19900F136B2 /* Icon.png */,
				F07F9D35151DC19900F136B2 /* Icon@2x.png */,
				F04333941506B7B100C676F0 /* New */,
				F0E2008415041A7D00F847A2 /* SideSwipe */,
				F0E5DCE514E7010200F60D43 /* Images */,
			);
			name = Resources;
			sourceTree = "<group>";
		};
		F0E5DCE514E7010200F60D43 /* Images */ = {
			isa = PBXGroup;
			children = (
				F0E5DCE614E7010200F60D43 /* arrow.png */,
				F0E5DCE714E7010200F60D43 /* arrow@2x.png */,
				F0E5DCE814E7010200F60D43 /* back.png */,
				F0E5DCE914E7010200F60D43 /* back@2x.png */,
				F0E5DCEA14E7010200F60D43 /* check.png */,
				F0E5DCEB14E7010200F60D43 /* check@2x.png */,
				F0E5DCEC14E7010200F60D43 /* disclosure.png */,
				F0E5DCED14E7010200F60D43 /* disclosure@2x.png */,
				F0E5DCF014E7010200F60D43 /* empty.png */,
				F0E5DCF314E7010200F60D43 /* forward.png */,
				F0E5DCF414E7010200F60D43 /* forward@2x.png */,
				F0E5DCF514E7010200F60D43 /* home.png */,
				F0E5DCF614E7010200F60D43 /* home@2x.png */,
				F0E5DCF714E7010200F60D43 /* new.png */,
				F0E5DCF814E7010200F60D43 /* new@2x.png */,
				F0E5DCF914E7010200F60D43 /* person.png */,
				F0E5DCFA14E7010200F60D43 /* person@2x.png */,
				F0E5DCFB14E7010200F60D43 /* profile.png */,
				F0E5DCFC14E7010200F60D43 /* profile@2x.png */,
				F0E5DCFF14E7010200F60D43 /* refresh.png */,
				F0E5DD0014E7010200F60D43 /* refresh@2x.png */,
				F0E5DD0114E7010200F60D43 /* reply.png */,
				F0E5DD0214E7010200F60D43 /* reply@2x.png */,
				F0E5DD0914E7010200F60D43 /* x.png */,
				F0E5DD0A14E7010200F60D43 /* x@2x.png */,
			);
			name = Images;
			path = hackful/Resources/Images;
			sourceTree = "<group>";
		};
		F0E5DD3614E707C500F60D43 /* Views */ = {
			isa = PBXGroup;
			children = (
				F044F7AA15036B6E0037B7A9 /* ABTableViewCell.h */,
				F044F7AB15036B6E0037B7A9 /* ABTableViewCell.m */,
				F0E33E3D1514D71B00EE551C /* LoadingIndicatorView.h */,
				F0E33E3E1514D71B00EE551C /* LoadingIndicatorView.m */,
				F0B9EBF4150DC264006CC3E7 /* PlaceholderTextView.h */,
				F0B9EBF5150DC264006CC3E7 /* PlaceholderTextView.m */,
				F044F7A2150366650037B7A9 /* CommentTableCell.h */,
				F044F7A3150366650037B7A9 /* CommentTableCell.m */,
				F0CC6C3D151061F2000FDE89 /* TableHeaderView.h */,
				F0CC6C3E151061F2000FDE89 /* TableHeaderView.m */,
			);
			name = Views;
			sourceTree = "<group>";
		};
		F0E5DD6014E71D2900F60D43 /* Categories */ = {
			isa = PBXGroup;
			children = (
				F044F7D11503C9EE0037B7A9 /* NSDate+TimeAgo.h */,
				F044F7D21503C9EF0037B7A9 /* NSDate+TimeAgo.m */,
				F078C1D8150F104E00F713F3 /* NSDate+RailsDate.h */,
				F078C1D9150F104E00F713F3 /* NSDate+RailsDate.m */,
				F01F46B71514579C0027785E /* UIImage+Color.h */,
				F01F46B81514579C0027785E /* UIImage+Color.m */,
			);
			name = Categories;
			sourceTree = "<group>";
		};
/* End PBXGroup section */

/* Begin PBXNativeTarget section */
		F0E5DC4814E6FA2800F60D43 /* hackful */ = {
			isa = PBXNativeTarget;
			buildConfigurationList = F0E5DC7C14E6FA2800F60D43 /* Build configuration list for PBXNativeTarget "hackful" */;
			buildPhases = (
				F0E5DC4514E6FA2800F60D43 /* Sources */,
				F0E5DC4614E6FA2800F60D43 /* Frameworks */,
				F0E5DC4714E6FA2800F60D43 /* Resources */,
			);
			buildRules = (
			);
			dependencies = (
			);
			name = hackful;
			productName = hackful;
			productReference = F0E5DC4914E6FA2800F60D43 /* hackful.app */;
			productType = "com.apple.product-type.application";
		};
		F0E5DC6814E6FA2800F60D43 /* hackfulTests */ = {
			isa = PBXNativeTarget;
			buildConfigurationList = F0E5DC7F14E6FA2800F60D43 /* Build configuration list for PBXNativeTarget "hackfulTests" */;
			buildPhases = (
				F0E5DC6414E6FA2800F60D43 /* Sources */,
				F0E5DC6514E6FA2800F60D43 /* Frameworks */,
				F0E5DC6614E6FA2800F60D43 /* Resources */,
				F0E5DC6714E6FA2800F60D43 /* ShellScript */,
			);
			buildRules = (
			);
			dependencies = (
				F0E5DC7014E6FA2800F60D43 /* PBXTargetDependency */,
			);
			name = hackfulTests;
			productName = hackfulTests;
			productReference = F0E5DC6914E6FA2800F60D43 /* hackfulTests.octest */;
			productType = "com.apple.product-type.bundle";
		};
/* End PBXNativeTarget section */

/* Begin PBXProject section */
		F0E5DC4014E6FA2800F60D43 /* Project object */ = {
			isa = PBXProject;
			attributes = {
				LastUpgradeCheck = 0430;
			};
			buildConfigurationList = F0E5DC4314E6FA2800F60D43 /* Build configuration list for PBXProject "hackful" */;
			compatibilityVersion = "Xcode 3.2";
			developmentRegion = English;
			hasScannedForEncodings = 0;
			knownRegions = (
				en,
			);
			mainGroup = F0E5DC3E14E6FA2800F60D43;
			productRefGroup = F0E5DC4A14E6FA2800F60D43 /* Products */;
			projectDirPath = "";
			projectRoot = "";
			targets = (
				F0E5DC4814E6FA2800F60D43 /* hackful */,
				F0E5DC6814E6FA2800F60D43 /* hackfulTests */,
			);
		};
/* End PBXProject section */

/* Begin PBXResourcesBuildPhase section */
		F0E5DC4714E6FA2800F60D43 /* Resources */ = {
			isa = PBXResourcesBuildPhase;
			buildActionMask = 2147483647;
			files = (
				F0E5DC5A14E6FA2800F60D43 /* InfoPlist.strings in Resources */,
				F0E5DD0B14E7010200F60D43 /* arrow.png in Resources */,
				F0E5DD0C14E7010200F60D43 /* arrow@2x.png in Resources */,
				F0E5DD0D14E7010200F60D43 /* back.png in Resources */,
				F0E5DD0E14E7010200F60D43 /* back@2x.png in Resources */,
				F0E5DD0F14E7010200F60D43 /* check.png in Resources */,
				F0E5DD1014E7010200F60D43 /* check@2x.png in Resources */,
				F0E5DD1114E7010200F60D43 /* disclosure.png in Resources */,
				F0E5DD1214E7010200F60D43 /* disclosure@2x.png in Resources */,
				F0E5DD1514E7010200F60D43 /* empty.png in Resources */,
				F0E5DD1814E7010200F60D43 /* forward.png in Resources */,
				F0E5DD1914E7010200F60D43 /* forward@2x.png in Resources */,
				F0E5DD1A14E7010200F60D43 /* home.png in Resources */,
				F0E5DD1B14E7010200F60D43 /* home@2x.png in Resources */,
				F0E5DD1C14E7010200F60D43 /* new.png in Resources */,
				F0E5DD1D14E7010200F60D43 /* new@2x.png in Resources */,
				F0E5DD1E14E7010200F60D43 /* person.png in Resources */,
				F0E5DD1F14E7010200F60D43 /* person@2x.png in Resources */,
				F0E5DD2014E7010200F60D43 /* profile.png in Resources */,
				F0E5DD2114E7010200F60D43 /* profile@2x.png in Resources */,
				F0E5DD2414E7010200F60D43 /* refresh.png in Resources */,
				F0E5DD2514E7010200F60D43 /* refresh@2x.png in Resources */,
				F0E5DD2614E7010200F60D43 /* reply.png in Resources */,
				F0E5DD2714E7010200F60D43 /* reply@2x.png in Resources */,
				F0E5DD2E14E7010200F60D43 /* x.png in Resources */,
				F0E5DD2F14E7010200F60D43 /* x@2x.png in Resources */,
				F0E2009415041A7D00F847A2 /* action.png in Resources */,
				F0E2009515041A7D00F847A2 /* action@2x.png in Resources */,
				F0E2009615041A7D00F847A2 /* dotted-pattern.png in Resources */,
				F0E2009715041A7D00F847A2 /* dotted-pattern@2x.png in Resources */,
				F0E2009815041A7D00F847A2 /* inner-shadow.png in Resources */,
				F0E2009F15041A7D00F847A2 /* retweet-outline-button-item.png in Resources */,
				F0E200A015041A7D00F847A2 /* retweet-outline-button-item@2x.png in Resources */,
				F04333A01506B7B100C676F0 /* 08-chat.png in Resources */,
				F04333A11506B7B100C676F0 /* 08-chat@2x.png in Resources */,
				F04333AE1506BE0300C676F0 /* comments.png in Resources */,
				F04333AF1506BE0300C676F0 /* book.png in Resources */,
				F04333B01506BE0300C676F0 /* up_arrow.png in Resources */,
				F04333B31506BE6300C676F0 /* 58-bookmark.png in Resources */,
				F04333B41506BE6300C676F0 /* 58-bookmark@2x.png in Resources */,
				F0C5BB27151286DD00F14F5E /* comment-arrow.png in Resources */,
				F04FA6FA151D8E7200ED35D0 /* SVProgressHUD.bundle in Resources */,
				F07F9D1D151DAA7500F136B2 /* SVWebViewController.bundle in Resources */,
				F07F9D36151DC19900F136B2 /* Icon.png in Resources */,
				F07F9D37151DC19900F136B2 /* Icon@2x.png in Resources */,
				F0225748151DF47800E3C5A2 /* Default.png in Resources */,
				F0225749151DF47800E3C5A2 /* Default@2x.png in Resources */,
			);
			runOnlyForDeploymentPostprocessing = 0;
		};
		F0E5DC6614E6FA2800F60D43 /* Resources */ = {
			isa = PBXResourcesBuildPhase;
			buildActionMask = 2147483647;
			files = (
				F0E5DC7614E6FA2800F60D43 /* InfoPlist.strings in Resources */,
			);
			runOnlyForDeploymentPostprocessing = 0;
		};
/* End PBXResourcesBuildPhase section */

/* Begin PBXShellScriptBuildPhase section */
		F0E5DC6714E6FA2800F60D43 /* ShellScript */ = {
			isa = PBXShellScriptBuildPhase;
			buildActionMask = 2147483647;
			files = (
			);
			inputPaths = (
			);
			outputPaths = (
			);
			runOnlyForDeploymentPostprocessing = 0;
			shellPath = /bin/sh;
			shellScript = "# Run the unit tests in this test bundle.\n\"${SYSTEM_DEVELOPER_DIR}/Tools/RunUnitTests\"\n";
		};
/* End PBXShellScriptBuildPhase section */

/* Begin PBXSourcesBuildPhase section */
		F0E5DC4514E6FA2800F60D43 /* Sources */ = {
			isa = PBXSourcesBuildPhase;
			buildActionMask = 2147483647;
			files = (
				F07F9D2F151DBF9F00F136B2 /* Appirater.m in Sources */,
				F0E5DC5C14E6FA2800F60D43 /* main.m in Sources */,
				F0E5DC6014E6FA2800F60D43 /* HackfulAppDelegate.m in Sources */,
				F0E5DCE314E6FFED00F60D43 /* MainTabBarController.m in Sources */,
				F0E5DD3514E7033600F60D43 /* PostController.m in Sources */,
				F0E8B6EF150099E100488EFF /* HKPostList.m in Sources */,
				F044F781150288FE0037B7A9 /* HKUser.m in Sources */,
				F044F78415028A9A0037B7A9 /* HKPost.m in Sources */,
				F044F78715028D820037B7A9 /* HKComment.m in Sources */,
				F044F78A15028DA00037B7A9 /* HKNotification.m in Sources */,
				F044F79015028DFD0037B7A9 /* HKSession.m in Sources */,
				F044F79415028E190037B7A9 /* HKMessage.m in Sources */,
				F044F79815028E370037B7A9 /* HKNotifications.m in Sources */,
				F044F7A0150351470037B7A9 /* HKEntry.m in Sources */,
				F044F7A6150366660037B7A9 /* CommentTableCell.m in Sources */,
				F044F7AC15036B6E0037B7A9 /* ABTableViewCell.m in Sources */,
				F044F7C815038F830037B7A9 /* CommentsController.m in Sources */,
				F044F7CB150391EF0037B7A9 /* HKCommentList.m in Sources */,
				F044F7D31503C9EF0037B7A9 /* NSDate+TimeAgo.m in Sources */,
				F044F7D91503E6730037B7A9 /* HKList.m in Sources */,
				F0E2007F150419C600F847A2 /* SideSwipeTableViewCell.m in Sources */,
				F0E20080150419C600F847A2 /* SideSwipeTableViewController.m in Sources */,
				F0B9EBCA150CBB0D006CC3E7 /* HackfulLoginController.m in Sources */,
				F0B9EBCD150CBC48006CC3E7 /* LoginController.m in Sources */,
				F0B9EBE7150D3D7B006CC3E7 /* AFHTTPClient.m in Sources */,
				F0B9EBE8150D3D7B006CC3E7 /* AFHTTPRequestOperation.m in Sources */,
				F0B9EBE9150D3D7B006CC3E7 /* AFImageRequestOperation.m in Sources */,
				F0B9EBEA150D3D7B006CC3E7 /* AFJSONRequestOperation.m in Sources */,
				F0B9EBEB150D3D7B006CC3E7 /* AFJSONUtilities.m in Sources */,
				F0B9EBEC150D3D7B006CC3E7 /* AFNetworkActivityIndicatorManager.m in Sources */,
				F0B9EBED150D3D7B006CC3E7 /* AFPropertyListRequestOperation.m in Sources */,
				F0B9EBEE150D3D7B006CC3E7 /* AFURLConnectionOperation.m in Sources */,
				F0B9EBEF150D3D7B006CC3E7 /* AFXMLRequestOperation.m in Sources */,
				F0B9EBF0150D3D7B006CC3E7 /* UIImageView+AFNetworking.m in Sources */,
				F0B9EBF3150DC160006CC3E7 /* ComposeController.m in Sources */,
				F0B9EBF6150DC264006CC3E7 /* PlaceholderTextView.m in Sources */,
				F0B9EBF9150DC473006CC3E7 /* SubmissionComposeController.m in Sources */,
				F078C1DA150F104E00F713F3 /* NSDate+RailsDate.m in Sources */,
				F0CC6C3F151061F3000FDE89 /* TableHeaderView.m in Sources */,
				F01F46B91514579C0027785E /* UIImage+Color.m in Sources */,
				F0E33E391514D6D600EE551C /* NavigationController.m in Sources */,
				F0E33E3C1514D6F600EE551C /* PullToRefreshView.m in Sources */,
				F0E33E411514D71B00EE551C /* LoadingIndicatorView.m in Sources */,
				F0BC9B9B15166EA300E1348A /* CommentComposeController.m in Sources */,
				F0D4AB3A1517C256003B9774 /* HKAPI.m in Sources */,
				F04FA6E1151D16AE00ED35D0 /* MoreController.m in Sources */,
				F04FA6FB151D8E7200ED35D0 /* SVProgressHUD.m in Sources */,
				F07F9D1C151DAA7500F136B2 /* SVModalWebViewController.m in Sources */,
				F07F9D1E151DAA7500F136B2 /* SVWebViewController.m in Sources */,
			);
			runOnlyForDeploymentPostprocessing = 0;
		};
		F0E5DC6414E6FA2800F60D43 /* Sources */ = {
			isa = PBXSourcesBuildPhase;
			buildActionMask = 2147483647;
			files = (
				F0E5DC7914E6FA2800F60D43 /* hackfulTests.m in Sources */,
				F044F79115028DFD0037B7A9 /* HKSession.m in Sources */,
				F044F79515028E190037B7A9 /* HKMessage.m in Sources */,
				F044F79915028E370037B7A9 /* HKNotifications.m in Sources */,
				F044F7A1150351470037B7A9 /* HKEntry.m in Sources */,
				F044F7CC150391EF0037B7A9 /* HKCommentList.m in Sources */,
				F044F7D41503C9EF0037B7A9 /* NSDate+TimeAgo.m in Sources */,
				F044F7DA1503E6730037B7A9 /* HKList.m in Sources */,
				F07F9D26151DBC9C00F136B2 /* Appirater.m in Sources */,
			);
			runOnlyForDeploymentPostprocessing = 0;
		};
/* End PBXSourcesBuildPhase section */

/* Begin PBXTargetDependency section */
		F0E5DC7014E6FA2800F60D43 /* PBXTargetDependency */ = {
			isa = PBXTargetDependency;
			target = F0E5DC4814E6FA2800F60D43 /* hackful */;
			targetProxy = F0E5DC6F14E6FA2800F60D43 /* PBXContainerItemProxy */;
		};
/* End PBXTargetDependency section */

/* Begin PBXVariantGroup section */
		F0E5DC5814E6FA2800F60D43 /* InfoPlist.strings */ = {
			isa = PBXVariantGroup;
			children = (
				F0E5DC5914E6FA2800F60D43 /* en */,
			);
			name = InfoPlist.strings;
			sourceTree = "<group>";
		};
		F0E5DC7414E6FA2800F60D43 /* InfoPlist.strings */ = {
			isa = PBXVariantGroup;
			children = (
				F0E5DC7514E6FA2800F60D43 /* en */,
			);
			name = InfoPlist.strings;
			sourceTree = "<group>";
		};
/* End PBXVariantGroup section */

/* Begin XCBuildConfiguration section */
		F0E5DC7A14E6FA2800F60D43 /* Debug */ = {
			isa = XCBuildConfiguration;
			buildSettings = {
				ALWAYS_SEARCH_USER_PATHS = NO;
				ARCHS = "$(ARCHS_STANDARD_32_BIT)";
				CLANG_ENABLE_OBJC_ARC = YES;
				"CODE_SIGN_IDENTITY[sdk=iphoneos*]" = "iPhone Developer";
				COPY_PHASE_STRIP = NO;
				GCC_C_LANGUAGE_STANDARD = gnu99;
				GCC_DYNAMIC_NO_PIC = NO;
				GCC_OPTIMIZATION_LEVEL = 0;
				GCC_PREPROCESSOR_DEFINITIONS = (
					"DEBUG=1",
					"$(inherited)",
				);
				GCC_SYMBOLS_PRIVATE_EXTERN = NO;
				GCC_VERSION = com.apple.compilers.llvm.clang.1_0;
				GCC_WARN_ABOUT_MISSING_PROTOTYPES = YES;
				GCC_WARN_ABOUT_RETURN_TYPE = YES;
				GCC_WARN_UNUSED_VARIABLE = YES;
				IPHONEOS_DEPLOYMENT_TARGET = 5.0;
				"OTHER_LDFLAGS[arch=*]" = (
					"-ObjC",
					"-all_load",
				);
				SDKROOT = iphoneos;
				TARGETED_DEVICE_FAMILY = "1,2";
			};
			name = Debug;
		};
		F0E5DC7B14E6FA2800F60D43 /* Release */ = {
			isa = XCBuildConfiguration;
			buildSettings = {
				ALWAYS_SEARCH_USER_PATHS = NO;
				ARCHS = "$(ARCHS_STANDARD_32_BIT)";
				CLANG_ENABLE_OBJC_ARC = YES;
				"CODE_SIGN_IDENTITY[sdk=iphoneos*]" = "iPhone Developer";
				COPY_PHASE_STRIP = YES;
				GCC_C_LANGUAGE_STANDARD = gnu99;
				GCC_VERSION = com.apple.compilers.llvm.clang.1_0;
				GCC_WARN_ABOUT_MISSING_PROTOTYPES = YES;
				GCC_WARN_ABOUT_RETURN_TYPE = YES;
				GCC_WARN_UNUSED_VARIABLE = YES;
				IPHONEOS_DEPLOYMENT_TARGET = 5.0;
				OTHER_CFLAGS = "-DNS_BLOCK_ASSERTIONS=1";
				"OTHER_LDFLAGS[arch=*]" = (
					"-ObjC",
					"-all_load",
				);
				SDKROOT = iphoneos;
				TARGETED_DEVICE_FAMILY = "1,2";
				VALIDATE_PRODUCT = YES;
			};
			name = Release;
		};
		F0E5DC7D14E6FA2800F60D43 /* Debug */ = {
			isa = XCBuildConfiguration;
			buildSettings = {
				CLANG_ENABLE_OBJC_ARC = YES;
				GCC_PRECOMPILE_PREFIX_HEADER = YES;
				GCC_PREFIX_HEADER = "hackful/hackful-Prefix.pch";
				INFOPLIST_FILE = "hackful/hackful-Info.plist";
				"OTHER_LDFLAGS[arch=*]" = "";
				PRODUCT_NAME = "$(TARGET_NAME)";
				WRAPPER_EXTENSION = app;
			};
			name = Debug;
		};
		F0E5DC7E14E6FA2800F60D43 /* Release */ = {
			isa = XCBuildConfiguration;
			buildSettings = {
				CLANG_ENABLE_OBJC_ARC = YES;
				GCC_PRECOMPILE_PREFIX_HEADER = YES;
				GCC_PREFIX_HEADER = "hackful/hackful-Prefix.pch";
				INFOPLIST_FILE = "hackful/hackful-Info.plist";
				"OTHER_LDFLAGS[arch=*]" = "";
				PRODUCT_NAME = "$(TARGET_NAME)";
				WRAPPER_EXTENSION = app;
			};
			name = Release;
		};
		F0E5DC8014E6FA2800F60D43 /* Debug */ = {
			isa = XCBuildConfiguration;
			buildSettings = {
				BUNDLE_LOADER = "$(BUILT_PRODUCTS_DIR)/hackful.app/hackful";
				FRAMEWORK_SEARCH_PATHS = (
					"$(SDKROOT)/Developer/Library/Frameworks",
					"$(DEVELOPER_LIBRARY_DIR)/Frameworks",
				);
				GCC_PRECOMPILE_PREFIX_HEADER = YES;
				GCC_PREFIX_HEADER = "hackful/hackful-Prefix.pch";
				INFOPLIST_FILE = "hackfulTests/hackfulTests-Info.plist";
				PRODUCT_NAME = "$(TARGET_NAME)";
				TEST_HOST = "$(BUNDLE_LOADER)";
				WRAPPER_EXTENSION = octest;
			};
			name = Debug;
		};
		F0E5DC8114E6FA2800F60D43 /* Release */ = {
			isa = XCBuildConfiguration;
			buildSettings = {
				BUNDLE_LOADER = "$(BUILT_PRODUCTS_DIR)/hackful.app/hackful";
				FRAMEWORK_SEARCH_PATHS = (
					"$(SDKROOT)/Developer/Library/Frameworks",
					"$(DEVELOPER_LIBRARY_DIR)/Frameworks",
				);
				GCC_PRECOMPILE_PREFIX_HEADER = YES;
				GCC_PREFIX_HEADER = "hackful/hackful-Prefix.pch";
				INFOPLIST_FILE = "hackfulTests/hackfulTests-Info.plist";
				PRODUCT_NAME = "$(TARGET_NAME)";
				TEST_HOST = "$(BUNDLE_LOADER)";
				WRAPPER_EXTENSION = octest;
			};
			name = Release;
		};
/* End XCBuildConfiguration section */

/* Begin XCConfigurationList section */
		F0E5DC4314E6FA2800F60D43 /* Build configuration list for PBXProject "hackful" */ = {
			isa = XCConfigurationList;
			buildConfigurations = (
				F0E5DC7A14E6FA2800F60D43 /* Debug */,
				F0E5DC7B14E6FA2800F60D43 /* Release */,
			);
			defaultConfigurationIsVisible = 0;
			defaultConfigurationName = Release;
		};
		F0E5DC7C14E6FA2800F60D43 /* Build configuration list for PBXNativeTarget "hackful" */ = {
			isa = XCConfigurationList;
			buildConfigurations = (
				F0E5DC7D14E6FA2800F60D43 /* Debug */,
				F0E5DC7E14E6FA2800F60D43 /* Release */,
			);
			defaultConfigurationIsVisible = 0;
			defaultConfigurationName = Release;
		};
		F0E5DC7F14E6FA2800F60D43 /* Build configuration list for PBXNativeTarget "hackfulTests" */ = {
			isa = XCConfigurationList;
			buildConfigurations = (
				F0E5DC8014E6FA2800F60D43 /* Debug */,
				F0E5DC8114E6FA2800F60D43 /* Release */,
			);
			defaultConfigurationIsVisible = 0;
			defaultConfigurationName = Release;
		};
/* End XCConfigurationList section */
	};
	rootObject = F0E5DC4014E6FA2800F60D43 /* Project object */;
}
